// !$*UTF8*$!
{
	archiveVersion = 1;
	classes = {
	};
	objectVersion = 56;
	objects = {

/* Begin PBXBuildFile section */
		84CDA2112D4768EF0039AC6D /* BudgetTrackerAppApp.swift in Sources */ = {isa = PBXBuildFile; fileRef = 84CDA2102D4768EF0039AC6D /* BudgetTrackerAppApp.swift */; };
		84CDA2132D4768EF0039AC6D /* ContentView.swift in Sources */ = {isa = PBXBuildFile; fileRef = 84CDA2122D4768EF0039AC6D /* ContentView.swift */; };
		84CDA2152D4768F30039AC6D /* Assets.xcassets in Resources */ = {isa = PBXBuildFile; fileRef = 84CDA2142D4768F30039AC6D /* Assets.xcassets */; };
		84CDA2182D4768F30039AC6D /* Preview Assets.xcassets in Resources */ = {isa = PBXBuildFile; fileRef = 84CDA2172D4768F30039AC6D /* Preview Assets.xcassets */; };
		84CDA2222D4768F30039AC6D /* BudgetTrackerAppTests.swift in Sources */ = {isa = PBXBuildFile; fileRef = 84CDA2212D4768F30039AC6D /* BudgetTrackerAppTests.swift */; };
		84CDA22C2D4768F30039AC6D /* BudgetTrackerAppUITests.swift in Sources */ = {isa = PBXBuildFile; fileRef = 84CDA22B2D4768F30039AC6D /* BudgetTrackerAppUITests.swift */; };
		84CDA22E2D4768F30039AC6D /* BudgetTrackerAppUITestsLaunchTests.swift in Sources */ = {isa = PBXBuildFile; fileRef = 84CDA22D2D4768F30039AC6D /* BudgetTrackerAppUITestsLaunchTests.swift */; };
/* End PBXBuildFile section */

/* Begin PBXContainerItemProxy section */
		84CDA21E2D4768F30039AC6D /* PBXContainerItemProxy */ = {
			isa = PBXContainerItemProxy;
			containerPortal = 84CDA2052D4768EF0039AC6D /* Project object */;
			proxyType = 1;
			remoteGlobalIDString = 84CDA20C2D4768EF0039AC6D;
			remoteInfo = BudgetTrackerApp;
		};
		84CDA2282D4768F30039AC6D /* PBXContainerItemProxy */ = {
			isa = PBXContainerItemProxy;
			containerPortal = 84CDA2052D4768EF0039AC6D /* Project object */;
			proxyType = 1;
			remoteGlobalIDString = 84CDA20C2D4768EF0039AC6D;
			remoteInfo = BudgetTrackerApp;
		};
/* End PBXContainerItemProxy section */

/* Begin PBXFileReference section */
		84CDA20D2D4768EF0039AC6D /* BudgetTrackerApp.app */ = {isa = PBXFileReference; explicitFileType = wrapper.application; includeInIndex = 0; path = BudgetTrackerApp.app; sourceTree = BUILT_PRODUCTS_DIR; };
		84CDA2102D4768EF0039AC6D /* BudgetTrackerAppApp.swift */ = {isa = PBXFileReference; lastKnownFileType = sourcecode.swift; path = BudgetTrackerAppApp.swift; sourceTree = "<group>"; };
		84CDA2122D4768EF0039AC6D /* ContentView.swift */ = {isa = PBXFileReference; lastKnownFileType = sourcecode.swift; path = ContentView.swift; sourceTree = "<group>"; };
		84CDA2142D4768F30039AC6D /* Assets.xcassets */ = {isa = PBXFileReference; lastKnownFileType = folder.assetcatalog; path = Assets.xcassets; sourceTree = "<group>"; };
		84CDA2172D4768F30039AC6D /* Preview Assets.xcassets */ = {isa = PBXFileReference; lastKnownFileType = folder.assetcatalog; path = "Preview Assets.xcassets"; sourceTree = "<group>"; };
		84CDA21D2D4768F30039AC6D /* BudgetTrackerAppTests.xctest */ = {isa = PBXFileReference; explicitFileType = wrapper.cfbundle; includeInIndex = 0; path = BudgetTrackerAppTests.xctest; sourceTree = BUILT_PRODUCTS_DIR; };
		84CDA2212D4768F30039AC6D /* BudgetTrackerAppTests.swift */ = {isa = PBXFileReference; lastKnownFileType = sourcecode.swift; path = BudgetTrackerAppTests.swift; sourceTree = "<group>"; };
		84CDA2272D4768F30039AC6D /* BudgetTrackerAppUITests.xctest */ = {isa = PBXFileReference; explicitFileType = wrapper.cfbundle; includeInIndex = 0; path = BudgetTrackerAppUITests.xctest; sourceTree = BUILT_PRODUCTS_DIR; };
		84CDA22B2D4768F30039AC6D /* BudgetTrackerAppUITests.swift */ = {isa = PBXFileReference; lastKnownFileType = sourcecode.swift; path = BudgetTrackerAppUITests.swift; sourceTree = "<group>"; };
		84CDA22D2D4768F30039AC6D /* BudgetTrackerAppUITestsLaunchTests.swift */ = {isa = PBXFileReference; lastKnownFileType = sourcecode.swift; path = BudgetTrackerAppUITestsLaunchTests.swift; sourceTree = "<group>"; };
/* End PBXFileReference section */

/* Begin PBXFrameworksBuildPhase section */
		84CDA20A2D4768EF0039AC6D /* Frameworks */ = {
			isa = PBXFrameworksBuildPhase;
			buildActionMask = 2147483647;
			files = (
			);
			runOnlyForDeploymentPostprocessing = 0;
		};
		84CDA21A2D4768F30039AC6D /* Frameworks */ = {
			isa = PBXFrameworksBuildPhase;
			buildActionMask = 2147483647;
			files = (
			);
			runOnlyForDeploymentPostprocessing = 0;
		};
		84CDA2242D4768F30039AC6D /* Frameworks */ = {
			isa = PBXFrameworksBuildPhase;
			buildActionMask = 2147483647;
			files = (
			);
			runOnlyForDeploymentPostprocessing = 0;
		};
/* End PBXFrameworksBuildPhase section */

/* Begin PBXGroup section */
		84CDA2042D4768EF0039AC6D = {
			isa = PBXGroup;
			children = (
				84CDA20F2D4768EF0039AC6D /* BudgetTrackerApp */,
				84CDA2202D4768F30039AC6D /* BudgetTrackerAppTests */,
				84CDA22A2D4768F30039AC6D /* BudgetTrackerAppUITests */,
				84CDA20E2D4768EF0039AC6D /* Products */,
			);
			sourceTree = "<group>";
		};
		84CDA20E2D4768EF0039AC6D /* Products */ = {
			isa = PBXGroup;
			children = (
				84CDA20D2D4768EF0039AC6D /* BudgetTrackerApp.app */,
				84CDA21D2D4768F30039AC6D /* BudgetTrackerAppTests.xctest */,
				84CDA2272D4768F30039AC6D /* BudgetTrackerAppUITests.xctest */,
			);
			name = Products;
			sourceTree = "<group>";
		};
		84CDA20F2D4768EF0039AC6D /* BudgetTrackerApp */ = {
			isa = PBXGroup;
			children = (
				84CDA2102D4768EF0039AC6D /* BudgetTrackerAppApp.swift */,
				84CDA2122D4768EF0039AC6D /* ContentView.swift */,
				84CDA2142D4768F30039AC6D /* Assets.xcassets */,
				84CDA2162D4768F30039AC6D /* Preview Content */,
			);
			path = BudgetTrackerApp;
			sourceTree = "<group>";
		};
		84CDA2162D4768F30039AC6D /* Preview Content */ = {
			isa = PBXGroup;
			children = (
				84CDA2172D4768F30039AC6D /* Preview Assets.xcassets */,
			);
			path = "Preview Content";
			sourceTree = "<group>";
		};
		84CDA2202D4768F30039AC6D /* BudgetTrackerAppTests */ = {
			isa = PBXGroup;
			children = (
				84CDA2212D4768F30039AC6D /* BudgetTrackerAppTests.swift */,
			);
			path = BudgetTrackerAppTests;
			sourceTree = "<group>";
		};
		84CDA22A2D4768F30039AC6D /* BudgetTrackerAppUITests */ = {
			isa = PBXGroup;
			children = (
				84CDA22B2D4768F30039AC6D /* BudgetTrackerAppUITests.swift */,
				84CDA22D2D4768F30039AC6D /* BudgetTrackerAppUITestsLaunchTests.swift */,
			);
			path = BudgetTrackerAppUITests;
			sourceTree = "<group>";
		};
/* End PBXGroup section */

/* Begin PBXNativeTarget section */
		84CDA20C2D4768EF0039AC6D /* BudgetTrackerApp */ = {
			isa = PBXNativeTarget;
			buildConfigurationList = 84CDA2312D4768F30039AC6D /* Build configuration list for PBXNativeTarget "BudgetTrackerApp" */;
			buildPhases = (
				84CDA2092D4768EF0039AC6D /* Sources */,
				84CDA20A2D4768EF0039AC6D /* Frameworks */,
				84CDA20B2D4768EF0039AC6D /* Resources */,
			);
			buildRules = (
			);
			dependencies = (
			);
			name = BudgetTrackerApp;
			productName = BudgetTrackerApp;
			productReference = 84CDA20D2D4768EF0039AC6D /* BudgetTrackerApp.app */;
			productType = "com.apple.product-type.application";
		};
		84CDA21C2D4768F30039AC6D /* BudgetTrackerAppTests */ = {
			isa = PBXNativeTarget;
			buildConfigurationList = 84CDA2342D4768F30039AC6D /* Build configuration list for PBXNativeTarget "BudgetTrackerAppTests" */;
			buildPhases = (
				84CDA2192D4768F30039AC6D /* Sources */,
				84CDA21A2D4768F30039AC6D /* Frameworks */,
				84CDA21B2D4768F30039AC6D /* Resources */,
			);
			buildRules = (
			);
			dependencies = (
				84CDA21F2D4768F30039AC6D /* PBXTargetDependency */,
			);
			name = BudgetTrackerAppTests;
			productName = BudgetTrackerAppTests;
			productReference = 84CDA21D2D4768F30039AC6D /* BudgetTrackerAppTests.xctest */;
			productType = "com.apple.product-type.bundle.unit-test";
		};
		84CDA2262D4768F30039AC6D /* BudgetTrackerAppUITests */ = {
			isa = PBXNativeTarget;
			buildConfigurationList = 84CDA2372D4768F30039AC6D /* Build configuration list for PBXNativeTarget "BudgetTrackerAppUITests" */;
			buildPhases = (
				84CDA2232D4768F30039AC6D /* Sources */,
				84CDA2242D4768F30039AC6D /* Frameworks */,
				84CDA2252D4768F30039AC6D /* Resources */,
			);
			buildRules = (
			);
			dependencies = (
				84CDA2292D4768F30039AC6D /* PBXTargetDependency */,
			);
			name = BudgetTrackerAppUITests;
			productName = BudgetTrackerAppUITests;
			productReference = 84CDA2272D4768F30039AC6D /* BudgetTrackerAppUITests.xctest */;
			productType = "com.apple.product-type.bundle.ui-testing";
		};
/* End PBXNativeTarget section */

/* Begin PBXProject section */
		84CDA2052D4768EF0039AC6D /* Project object */ = {
			isa = PBXProject;
			attributes = {
				BuildIndependentTargetsInParallel = 1;
				LastSwiftUpdateCheck = 1400;
				LastUpgradeCheck = 1400;
				TargetAttributes = {
					84CDA20C2D4768EF0039AC6D = {
						CreatedOnToolsVersion = 14.0.1;
					};
					84CDA21C2D4768F30039AC6D = {
						CreatedOnToolsVersion = 14.0.1;
						TestTargetID = 84CDA20C2D4768EF0039AC6D;
					};
					84CDA2262D4768F30039AC6D = {
						CreatedOnToolsVersion = 14.0.1;
						TestTargetID = 84CDA20C2D4768EF0039AC6D;
					};
				};
			};
			buildConfigurationList = 84CDA2082D4768EF0039AC6D /* Build configuration list for PBXProject "BudgetTrackerApp" */;
			compatibilityVersion = "Xcode 14.0";
			developmentRegion = en;
			hasScannedForEncodings = 0;
			knownRegions = (
				en,
				Base,
			);
			mainGroup = 84CDA2042D4768EF0039AC6D;
			productRefGroup = 84CDA20E2D4768EF0039AC6D /* Products */;
			projectDirPath = "";
			projectRoot = "";
			targets = (
				84CDA20C2D4768EF0039AC6D /* BudgetTrackerApp */,
				84CDA21C2D4768F30039AC6D /* BudgetTrackerAppTests */,
				84CDA2262D4768F30039AC6D /* BudgetTrackerAppUITests */,
			);
		};
/* End PBXProject section */

/* Begin PBXResourcesBuildPhase section */
		84CDA20B2D4768EF0039AC6D /* Resources */ = {
			isa = PBXResourcesBuildPhase;
			buildActionMask = 2147483647;
			files = (
				84CDA2182D4768F30039AC6D /* Preview Assets.xcassets in Resources */,
				84CDA2152D4768F30039AC6D /* Assets.xcassets in Resources */,
			);
			runOnlyForDeploymentPostprocessing = 0;
		};
		84CDA21B2D4768F30039AC6D /* Resources */ = {
			isa = PBXResourcesBuildPhase;
			buildActionMask = 2147483647;
			files = (
			);
			runOnlyForDeploymentPostprocessing = 0;
		};
		84CDA2252D4768F30039AC6D /* Resources */ = {
			isa = PBXResourcesBuildPhase;
			buildActionMask = 2147483647;
			files = (
			);
			runOnlyForDeploymentPostprocessing = 0;
		};
/* End PBXResourcesBuildPhase section */

/* Begin PBXSourcesBuildPhase section */
		84CDA2092D4768EF0039AC6D /* Sources */ = {
			isa = PBXSourcesBuildPhase;
			buildActionMask = 2147483647;
			files = (
				84CDA2132D4768EF0039AC6D /* ContentView.swift in Sources */,
				84CDA2112D4768EF0039AC6D /* BudgetTrackerAppApp.swift in Sources */,
			);
			runOnlyForDeploymentPostprocessing = 0;
		};
		84CDA2192D4768F30039AC6D /* Sources */ = {
			isa = PBXSourcesBuildPhase;
			buildActionMask = 2147483647;
			files = (
				84CDA2222D4768F30039AC6D /* BudgetTrackerAppTests.swift in Sources */,
			);
			runOnlyForDeploymentPostprocessing = 0;
		};
		84CDA2232D4768F30039AC6D /* Sources */ = {
			isa = PBXSourcesBuildPhase;
			buildActionMask = 2147483647;
			files = (
				84CDA22E2D4768F30039AC6D /* BudgetTrackerAppUITestsLaunchTests.swift in Sources */,
				84CDA22C2D4768F30039AC6D /* BudgetTrackerAppUITests.swift in Sources */,
			);
			runOnlyForDeploymentPostprocessing = 0;
		};
/* End PBXSourcesBuildPhase section */

/* Begin PBXTargetDependency section */
		84CDA21F2D4768F30039AC6D /* PBXTargetDependency */ = {
			isa = PBXTargetDependency;
			target = 84CDA20C2D4768EF0039AC6D /* BudgetTrackerApp */;
			targetProxy = 84CDA21E2D4768F30039AC6D /* PBXContainerItemProxy */;
		};
		84CDA2292D4768F30039AC6D /* PBXTargetDependency */ = {
			isa = PBXTargetDependency;
			target = 84CDA20C2D4768EF0039AC6D /* BudgetTrackerApp */;
			targetProxy = 84CDA2282D4768F30039AC6D /* PBXContainerItemProxy */;
		};
/* End PBXTargetDependency section */

/* Begin XCBuildConfiguration section */
		84CDA22F2D4768F30039AC6D /* Debug */ = {
			isa = XCBuildConfiguration;
			buildSettings = {
				ALWAYS_SEARCH_USER_PATHS = NO;
				CLANG_ANALYZER_NONNULL = YES;
				CLANG_ANALYZER_NUMBER_OBJECT_CONVERSION = YES_AGGRESSIVE;
				CLANG_CXX_LANGUAGE_STANDARD = "gnu++20";
				CLANG_ENABLE_MODULES = YES;
				CLANG_ENABLE_OBJC_ARC = YES;
				CLANG_ENABLE_OBJC_WEAK = YES;
				CLANG_WARN_BLOCK_CAPTURE_AUTORELEASING = YES;
				CLANG_WARN_BOOL_CONVERSION = YES;
				CLANG_WARN_COMMA = YES;
				CLANG_WARN_CONSTANT_CONVERSION = YES;
				CLANG_WARN_DEPRECATED_OBJC_IMPLEMENTATIONS = YES;
				CLANG_WARN_DIRECT_OBJC_ISA_USAGE = YES_ERROR;
				CLANG_WARN_DOCUMENTATION_COMMENTS = YES;
				CLANG_WARN_EMPTY_BODY = YES;
				CLANG_WARN_ENUM_CONVERSION = YES;
				CLANG_WARN_INFINITE_RECURSION = YES;
				CLANG_WARN_INT_CONVERSION = YES;
				CLANG_WARN_NON_LITERAL_NULL_CONVERSION = YES;
				CLANG_WARN_OBJC_IMPLICIT_RETAIN_SELF = YES;
				CLANG_WARN_OBJC_LITERAL_CONVERSION = YES;
				CLANG_WARN_OBJC_ROOT_CLASS = YES_ERROR;
				CLANG_WARN_QUOTED_INCLUDE_IN_FRAMEWORK_HEADER = YES;
				CLANG_WARN_RANGE_LOOP_ANALYSIS = YES;
				CLANG_WARN_STRICT_PROTOTYPES = YES;
				CLANG_WARN_SUSPICIOUS_MOVE = YES;
				CLANG_WARN_UNGUARDED_AVAILABILITY = YES_AGGRESSIVE;
				CLANG_WARN_UNREACHABLE_CODE = YES;
				CLANG_WARN__DUPLICATE_METHOD_MATCH = YES;
				COPY_PHASE_STRIP = NO;
				DEBUG_INFORMATION_FORMAT = dwarf;
				ENABLE_STRICT_OBJC_MSGSEND = YES;
				ENABLE_TESTABILITY = YES;
				GCC_C_LANGUAGE_STANDARD = gnu11;
				GCC_DYNAMIC_NO_PIC = NO;
				GCC_NO_COMMON_BLOCKS = YES;
				GCC_OPTIMIZATION_LEVEL = 0;
				GCC_PREPROCESSOR_DEFINITIONS = (
					"DEBUG=1",
					"$(inherited)",
				);
				GCC_WARN_64_TO_32_BIT_CONVERSION = YES;
				GCC_WARN_ABOUT_RETURN_TYPE = YES_ERROR;
				GCC_WARN_UNDECLARED_SELECTOR = YES;
				GCC_WARN_UNINITIALIZED_AUTOS = YES_AGGRESSIVE;
				GCC_WARN_UNUSED_FUNCTION = YES;
				GCC_WARN_UNUSED_VARIABLE = YES;
				IPHONEOS_DEPLOYMENT_TARGET = 16.0;
				MTL_ENABLE_DEBUG_INFO = INCLUDE_SOURCE;
				MTL_FAST_MATH = YES;
				ONLY_ACTIVE_ARCH = YES;
				SDKROOT = iphoneos;
				SWIFT_ACTIVE_COMPILATION_CONDITIONS = DEBUG;
				SWIFT_OPTIMIZATION_LEVEL = "-Onone";
			};
			name = Debug;
		};
		84CDA2302D4768F30039AC6D /* Release */ = {
			isa = XCBuildConfiguration;
			buildSettings = {
				ALWAYS_SEARCH_USER_PATHS = NO;
				CLANG_ANALYZER_NONNULL = YES;
				CLANG_ANALYZER_NUMBER_OBJECT_CONVERSION = YES_AGGRESSIVE;
				CLANG_CXX_LANGUAGE_STANDARD = "gnu++20";
				CLANG_ENABLE_MODULES = YES;
				CLANG_ENABLE_OBJC_ARC = YES;
				CLANG_ENABLE_OBJC_WEAK = YES;
				CLANG_WARN_BLOCK_CAPTURE_AUTORELEASING = YES;
				CLANG_WARN_BOOL_CONVERSION = YES;
				CLANG_WARN_COMMA = YES;
				CLANG_WARN_CONSTANT_CONVERSION = YES;
				CLANG_WARN_DEPRECATED_OBJC_IMPLEMENTATIONS = YES;
				CLANG_WARN_DIRECT_OBJC_ISA_USAGE = YES_ERROR;
				CLANG_WARN_DOCUMENTATION_COMMENTS = YES;
				CLANG_WARN_EMPTY_BODY = YES;
				CLANG_WARN_ENUM_CONVERSION = YES;
				CLANG_WARN_INFINITE_RECURSION = YES;
				CLANG_WARN_INT_CONVERSION = YES;
				CLANG_WARN_NON_LITERAL_NULL_CONVERSION = YES;
				CLANG_WARN_OBJC_IMPLICIT_RETAIN_SELF = YES;
				CLANG_WARN_OBJC_LITERAL_CONVERSION = YES;
				CLANG_WARN_OBJC_ROOT_CLASS = YES_ERROR;
				CLANG_WARN_QUOTED_INCLUDE_IN_FRAMEWORK_HEADER = YES;
				CLANG_WARN_RANGE_LOOP_ANALYSIS = YES;
				CLANG_WARN_STRICT_PROTOTYPES = YES;
				CLANG_WARN_SUSPICIOUS_MOVE = YES;
				CLANG_WARN_UNGUARDED_AVAILABILITY = YES_AGGRESSIVE;
				CLANG_WARN_UNREACHABLE_CODE = YES;
				CLANG_WARN__DUPLICATE_METHOD_MATCH = YES;
				COPY_PHASE_STRIP = NO;
				DEBUG_INFORMATION_FORMAT = "dwarf-with-dsym";
				ENABLE_NS_ASSERTIONS = NO;
				ENABLE_STRICT_OBJC_MSGSEND = YES;
				GCC_C_LANGUAGE_STANDARD = gnu11;
				GCC_NO_COMMON_BLOCKS = YES;
				GCC_WARN_64_TO_32_BIT_CONVERSION = YES;
				GCC_WARN_ABOUT_RETURN_TYPE = YES_ERROR;
				GCC_WARN_UNDECLARED_SELECTOR = YES;
				GCC_WARN_UNINITIALIZED_AUTOS = YES_AGGRESSIVE;
				GCC_WARN_UNUSED_FUNCTION = YES;
				GCC_WARN_UNUSED_VARIABLE = YES;
				IPHONEOS_DEPLOYMENT_TARGET = 16.0;
				MTL_ENABLE_DEBUG_INFO = NO;
				MTL_FAST_MATH = YES;
				SDKROOT = iphoneos;
				SWIFT_COMPILATION_MODE = wholemodule;
				SWIFT_OPTIMIZATION_LEVEL = "-O";
				VALIDATE_PRODUCT = YES;
			};
			name = Release;
		};
		84CDA2322D4768F30039AC6D /* Debug */ = {
			isa = XCBuildConfiguration;
			buildSettings = {
				ASSETCATALOG_COMPILER_APPICON_NAME = AppIcon;
				ASSETCATALOG_COMPILER_GLOBAL_ACCENT_COLOR_NAME = AccentColor;
				CODE_SIGN_STYLE = Automatic;
				CURRENT_PROJECT_VERSION = 1;
				DEVELOPMENT_ASSET_PATHS = "\"BudgetTrackerApp/Preview Content\"";
				ENABLE_PREVIEWS = YES;
				GENERATE_INFOPLIST_FILE = YES;
				INFOPLIST_KEY_UIApplicationSceneManifest_Generation = YES;
				INFOPLIST_KEY_UIApplicationSupportsIndirectInputEvents = YES;
				INFOPLIST_KEY_UILaunchScreen_Generation = YES;
				INFOPLIST_KEY_UISupportedInterfaceOrientations_iPad = "UIInterfaceOrientationPortrait UIInterfaceOrientationPortraitUpsideDown UIInterfaceOrientationLandscapeLeft UIInterfaceOrientationLandscapeRight";
				INFOPLIST_KEY_UISupportedInterfaceOrientations_iPhone = "UIInterfaceOrientationPortrait UIInterfaceOrientationLandscapeLeft UIInterfaceOrientationLandscapeRight";
				LD_RUNPATH_SEARCH_PATHS = (
					"$(inherited)",
					"@executable_path/Frameworks",
				);
				MARKETING_VERSION = 1.0;
				PRODUCT_BUNDLE_IDENTIFIER = com.example.sampleapp.BudgetTrackerApp;
				PRODUCT_NAME = "$(TARGET_NAME)";
				SWIFT_EMIT_LOC_STRINGS = YES;
				SWIFT_VERSION = 5.0;
				TARGETED_DEVICE_FAMILY = "1,2";
			};
			name = Debug;
		};
		84CDA2332D4768F30039AC6D /* Release */ = {
			isa = XCBuildConfiguration;
			buildSettings = {
				ASSETCATALOG_COMPILER_APPICON_NAME = AppIcon;
				ASSETCATALOG_COMPILER_GLOBAL_ACCENT_COLOR_NAME = AccentColor;
				CODE_SIGN_STYLE = Automatic;
				CURRENT_PROJECT_VERSION = 1;
				DEVELOPMENT_ASSET_PATHS = "\"BudgetTrackerApp/Preview Content\"";
				ENABLE_PREVIEWS = YES;
				GENERATE_INFOPLIST_FILE = YES;
				INFOPLIST_KEY_UIApplicationSceneManifest_Generation = YES;
				INFOPLIST_KEY_UIApplicationSupportsIndirectInputEvents = YES;
				INFOPLIST_KEY_UILaunchScreen_Generation = YES;
				INFOPLIST_KEY_UISupportedInterfaceOrientations_iPad = "UIInterfaceOrientationPortrait UIInterfaceOrientationPortraitUpsideDown UIInterfaceOrientationLandscapeLeft UIInterfaceOrientationLandscapeRight";
				INFOPLIST_KEY_UISupportedInterfaceOrientations_iPhone = "UIInterfaceOrientationPortrait UIInterfaceOrientationLandscapeLeft UIInterfaceOrientationLandscapeRight";
				LD_RUNPATH_SEARCH_PATHS = (
					"$(inherited)",
					"@executable_path/Frameworks",
				);
				MARKETING_VERSION = 1.0;
				PRODUCT_BUNDLE_IDENTIFIER = com.example.sampleapp.BudgetTrackerApp;
				PRODUCT_NAME = "$(TARGET_NAME)";
				SWIFT_EMIT_LOC_STRINGS = YES;
				SWIFT_VERSION = 5.0;
				TARGETED_DEVICE_FAMILY = "1,2";
			};
			name = Release;
		};
		84CDA2352D4768F30039AC6D /* Debug */ = {
			isa = XCBuildConfiguration;
			buildSettings = {
				ALWAYS_EMBED_SWIFT_STANDARD_LIBRARIES = YES;
				BUNDLE_LOADER = "$(TEST_HOST)";
				CODE_SIGN_STYLE = Automatic;
				CURRENT_PROJECT_VERSION = 1;
				GENERATE_INFOPLIST_FILE = YES;
				IPHONEOS_DEPLOYMENT_TARGET = 16.0;
				MARKETING_VERSION = 1.0;
				PRODUCT_BUNDLE_IDENTIFIER = com.example.sampleapp.BudgetTrackerAppTests;
				PRODUCT_NAME = "$(TARGET_NAME)";
				SWIFT_EMIT_LOC_STRINGS = NO;
				SWIFT_VERSION = 5.0;
				TARGETED_DEVICE_FAMILY = "1,2";
				TEST_HOST = "$(BUILT_PRODUCTS_DIR)/BudgetTrackerApp.app/$(BUNDLE_EXECUTABLE_FOLDER_PATH)/BudgetTrackerApp";
			};
			name = Debug;
		};
		84CDA2362D4768F30039AC6D /* Release */ = {
			isa = XCBuildConfiguration;
			buildSettings = {
				ALWAYS_EMBED_SWIFT_STANDARD_LIBRARIES = YES;
				BUNDLE_LOADER = "$(TEST_HOST)";
				CODE_SIGN_STYLE = Automatic;
				CURRENT_PROJECT_VERSION = 1;
				GENERATE_INFOPLIST_FILE = YES;
				IPHONEOS_DEPLOYMENT_TARGET = 16.0;
				MARKETING_VERSION = 1.0;
				PRODUCT_BUNDLE_IDENTIFIER = com.example.sampleapp.BudgetTrackerAppTests;
				PRODUCT_NAME = "$(TARGET_NAME)";
				SWIFT_EMIT_LOC_STRINGS = NO;
				SWIFT_VERSION = 5.0;
				TARGETED_DEVICE_FAMILY = "1,2";
				TEST_HOST = "$(BUILT_PRODUCTS_DIR)/BudgetTrackerApp.app/$(BUNDLE_EXECUTABLE_FOLDER_PATH)/BudgetTrackerApp";
			};
			name = Release;
		};
		84CDA2382D4768F30039AC6D /* Debug */ = {
			isa = XCBuildConfiguration;
			buildSettings = {
				ALWAYS_EMBED_SWIFT_STANDARD_LIBRARIES = YES;
				CODE_SIGN_STYLE = Automatic;
				CURRENT_PROJECT_VERSION = 1;
				GENERATE_INFOPLIST_FILE = YES;
				MARKETING_VERSION = 1.0;
				PRODUCT_BUNDLE_IDENTIFIER = com.example.sampleapp.BudgetTrackerAppUITests;
				PRODUCT_NAME = "$(TARGET_NAME)";
				SWIFT_EMIT_LOC_STRINGS = NO;
				SWIFT_VERSION = 5.0;
				TARGETED_DEVICE_FAMILY = "1,2";
				TEST_TARGET_NAME = BudgetTrackerApp;
			};
			name = Debug;
		};
		84CDA2392D4768F30039AC6D /* Release */ = {
			isa = XCBuildConfiguration;
			buildSettings = {
				ALWAYS_EMBED_SWIFT_STANDARD_LIBRARIES = YES;
				CODE_SIGN_STYLE = Automatic;
				CURRENT_PROJECT_VERSION = 1;
				GENERATE_INFOPLIST_FILE = YES;
				MARKETING_VERSION = 1.0;
				PRODUCT_BUNDLE_IDENTIFIER = com.example.sampleapp.BudgetTrackerAppUITests;
				PRODUCT_NAME = "$(TARGET_NAME)";
				SWIFT_EMIT_LOC_STRINGS = NO;
				SWIFT_VERSION = 5.0;
				TARGETED_DEVICE_FAMILY = "1,2";
				TEST_TARGET_NAME = BudgetTrackerApp;
			};
			name = Release;
		};
/* End XCBuildConfiguration section */

/* Begin XCConfigurationList section */
		84CDA2082D4768EF0039AC6D /* Build configuration list for PBXProject "BudgetTrackerApp" */ = {
			isa = XCConfigurationList;
			buildConfigurations = (
				84CDA22F2D4768F30039AC6D /* Debug */,
				84CDA2302D4768F30039AC6D /* Release */,
			);
			defaultConfigurationIsVisible = 0;
			defaultConfigurationName = Release;
		};
		84CDA2312D4768F30039AC6D /* Build configuration list for PBXNativeTarget "BudgetTrackerApp" */ = {
			isa = XCConfigurationList;
			buildConfigurations = (
				84CDA2322D4768F30039AC6D /* Debug */,
				84CDA2332D4768F30039AC6D /* Release */,
			);
			defaultConfigurationIsVisible = 0;
			defaultConfigurationName = Release;
		};
		84CDA2342D4768F30039AC6D /* Build configuration list for PBXNativeTarget "BudgetTrackerAppTests" */ = {
			isa = XCConfigurationList;
			buildConfigurations = (
				84CDA2352D4768F30039AC6D /* Debug */,
				84CDA2362D4768F30039AC6D /* Release */,
			);
			defaultConfigurationIsVisible = 0;
			defaultConfigurationName = Release;
		};
		84CDA2372D4768F30039AC6D /* Build configuration list for PBXNativeTarget "BudgetTrackerAppUITests" */ = {
			isa = XCConfigurationList;
			buildConfigurations = (
				84CDA2382D4768F30039AC6D /* Debug */,
				84CDA2392D4768F30039AC6D /* Release */,
			);
			defaultConfigurationIsVisible = 0;
			defaultConfigurationName = Release;
		};
/* End XCConfigurationList section */
	};
	rootObject = 84CDA2052D4768EF0039AC6D /* Project object */;
}
