// !$*UTF8*$!
{
	archiveVersion = 1;
	classes = {
	};
	objectVersion = 56;
	objects = {

/* Begin PBXBuildFile section */
		84A819AF2D4CD38A000380FC /* NotesAppApp.swift in Sources */ = {isa = PBXBuildFile; fileRef = 84A819AE2D4CD38A000380FC /* NotesAppApp.swift */; };
		84A819B32D4CD38C000380FC /* Assets.xcassets in Resources */ = {isa = PBXBuildFile; fileRef = 84A819B22D4CD38C000380FC /* Assets.xcassets */; };
		84A819B62D4CD38C000380FC /* Preview Assets.xcassets in Resources */ = {isa = PBXBuildFile; fileRef = 84A819B52D4CD38C000380FC /* Preview Assets.xcassets */; };
		84A819C02D4CD38C000380FC /* NotesAppTests.swift in Sources */ = {isa = PBXBuildFile; fileRef = 84A819BF2D4CD38C000380FC /* NotesAppTests.swift */; };
		84A819CA2D4CD38C000380FC /* NotesAppUITests.swift in Sources */ = {isa = PBXBuildFile; fileRef = 84A819C92D4CD38C000380FC /* NotesAppUITests.swift */; };
		84A819CC2D4CD38C000380FC /* NotesAppUITestsLaunchTests.swift in Sources */ = {isa = PBXBuildFile; fileRef = 84A819CB2D4CD38C000380FC /* NotesAppUITestsLaunchTests.swift */; };
		84A819D92D4CD49C000380FC /* NotesListView.swift in Sources */ = {isa = PBXBuildFile; fileRef = 84A819D82D4CD49C000380FC /* NotesListView.swift */; };
		84A819DB2D4CD4DD000380FC /* PersistenceController.swift in Sources */ = {isa = PBXBuildFile; fileRef = 84A819DA2D4CD4DD000380FC /* PersistenceController.swift */; };
		84A819DD2D4CD510000380FC /* AddNoteView.swift in Sources */ = {isa = PBXBuildFile; fileRef = 84A819DC2D4CD510000380FC /* AddNoteView.swift */; };
		84A819DF2D4CD53C000380FC /* EditNoteView.swift in Sources */ = {isa = PBXBuildFile; fileRef = 84A819DE2D4CD53C000380FC /* EditNoteView.swift */; };
		84A819E22D4CD7FF000380FC /* NotesApp.xcdatamodeld in Sources */ = {isa = PBXBuildFile; fileRef = 84A819E02D4CD7FF000380FC /* NotesApp.xcdatamodeld */; };
/* End PBXBuildFile section */

/* Begin PBXContainerItemProxy section */
		84A819BC2D4CD38C000380FC /* PBXContainerItemProxy */ = {
			isa = PBXContainerItemProxy;
			containerPortal = 84A819A32D4CD38A000380FC /* Project object */;
			proxyType = 1;
			remoteGlobalIDString = 84A819AA2D4CD38A000380FC;
			remoteInfo = NotesApp;
		};
		84A819C62D4CD38C000380FC /* PBXContainerItemProxy */ = {
			isa = PBXContainerItemProxy;
			containerPortal = 84A819A32D4CD38A000380FC /* Project object */;
			proxyType = 1;
			remoteGlobalIDString = 84A819AA2D4CD38A000380FC;
			remoteInfo = NotesApp;
		};
/* End PBXContainerItemProxy section */

/* Begin PBXFileReference section */
		84A819AB2D4CD38A000380FC /* NotesApp.app */ = {isa = PBXFileReference; explicitFileType = wrapper.application; includeInIndex = 0; path = NotesApp.app; sourceTree = BUILT_PRODUCTS_DIR; };
		84A819AE2D4CD38A000380FC /* NotesAppApp.swift */ = {isa = PBXFileReference; lastKnownFileType = sourcecode.swift; path = NotesAppApp.swift; sourceTree = "<group>"; };
		84A819B22D4CD38C000380FC /* Assets.xcassets */ = {isa = PBXFileReference; lastKnownFileType = folder.assetcatalog; path = Assets.xcassets; sourceTree = "<group>"; };
		84A819B52D4CD38C000380FC /* Preview Assets.xcassets */ = {isa = PBXFileReference; lastKnownFileType = folder.assetcatalog; path = "Preview Assets.xcassets"; sourceTree = "<group>"; };
		84A819BB2D4CD38C000380FC /* NotesAppTests.xctest */ = {isa = PBXFileReference; explicitFileType = wrapper.cfbundle; includeInIndex = 0; path = NotesAppTests.xctest; sourceTree = BUILT_PRODUCTS_DIR; };
		84A819BF2D4CD38C000380FC /* NotesAppTests.swift */ = {isa = PBXFileReference; lastKnownFileType = sourcecode.swift; path = NotesAppTests.swift; sourceTree = "<group>"; };
		84A819C52D4CD38C000380FC /* NotesAppUITests.xctest */ = {isa = PBXFileReference; explicitFileType = wrapper.cfbundle; includeInIndex = 0; path = NotesAppUITests.xctest; sourceTree = BUILT_PRODUCTS_DIR; };
		84A819C92D4CD38C000380FC /* NotesAppUITests.swift */ = {isa = PBXFileReference; lastKnownFileType = sourcecode.swift; path = NotesAppUITests.swift; sourceTree = "<group>"; };
		84A819CB2D4CD38C000380FC /* NotesAppUITestsLaunchTests.swift */ = {isa = PBXFileReference; lastKnownFileType = sourcecode.swift; path = NotesAppUITestsLaunchTests.swift; sourceTree = "<group>"; };
		84A819D82D4CD49C000380FC /* NotesListView.swift */ = {isa = PBXFileReference; lastKnownFileType = sourcecode.swift; path = NotesListView.swift; sourceTree = "<group>"; };
		84A819DA2D4CD4DD000380FC /* PersistenceController.swift */ = {isa = PBXFileReference; lastKnownFileType = sourcecode.swift; path = PersistenceController.swift; sourceTree = "<group>"; };
		84A819DC2D4CD510000380FC /* AddNoteView.swift */ = {isa = PBXFileReference; lastKnownFileType = sourcecode.swift; path = AddNoteView.swift; sourceTree = "<group>"; };
		84A819DE2D4CD53C000380FC /* EditNoteView.swift */ = {isa = PBXFileReference; lastKnownFileType = sourcecode.swift; path = EditNoteView.swift; sourceTree = "<group>"; };
		84A819E12D4CD7FF000380FC /* NotesApp.xcdatamodel */ = {isa = PBXFileReference; lastKnownFileType = wrapper.xcdatamodel; path = NotesApp.xcdatamodel; sourceTree = "<group>"; };
/* End PBXFileReference section */

/* Begin PBXFrameworksBuildPhase section */
		84A819A82D4CD38A000380FC /* Frameworks */ = {
			isa = PBXFrameworksBuildPhase;
			buildActionMask = 2147483647;
			files = (
			);
			runOnlyForDeploymentPostprocessing = 0;
		};
		84A819B82D4CD38C000380FC /* Frameworks */ = {
			isa = PBXFrameworksBuildPhase;
			buildActionMask = 2147483647;
			files = (
			);
			runOnlyForDeploymentPostprocessing = 0;
		};
		84A819C22D4CD38C000380FC /* Frameworks */ = {
			isa = PBXFrameworksBuildPhase;
			buildActionMask = 2147483647;
			files = (
			);
			runOnlyForDeploymentPostprocessing = 0;
		};
/* End PBXFrameworksBuildPhase section */

/* Begin PBXGroup section */
		84A819A22D4CD38A000380FC = {
			isa = PBXGroup;
			children = (
				84A819AD2D4CD38A000380FC /* NotesApp */,
				84A819BE2D4CD38C000380FC /* NotesAppTests */,
				84A819C82D4CD38C000380FC /* NotesAppUITests */,
				84A819AC2D4CD38A000380FC /* Products */,
			);
			sourceTree = "<group>";
		};
		84A819AC2D4CD38A000380FC /* Products */ = {
			isa = PBXGroup;
			children = (
				84A819AB2D4CD38A000380FC /* NotesApp.app */,
				84A819BB2D4CD38C000380FC /* NotesAppTests.xctest */,
				84A819C52D4CD38C000380FC /* NotesAppUITests.xctest */,
			);
			name = Products;
			sourceTree = "<group>";
		};
		84A819AD2D4CD38A000380FC /* NotesApp */ = {
			isa = PBXGroup;
			children = (
				84A819AE2D4CD38A000380FC /* NotesAppApp.swift */,
				84A819DE2D4CD53C000380FC /* EditNoteView.swift */,
				84A819DC2D4CD510000380FC /* AddNoteView.swift */,
				84A819DA2D4CD4DD000380FC /* PersistenceController.swift */,
				84A819D82D4CD49C000380FC /* NotesListView.swift */,
				84A819B22D4CD38C000380FC /* Assets.xcassets */,
				84A819B42D4CD38C000380FC /* Preview Content */,
				84A819E02D4CD7FF000380FC /* NotesApp.xcdatamodeld */,
			);
			path = NotesApp;
			sourceTree = "<group>";
		};
		84A819B42D4CD38C000380FC /* Preview Content */ = {
			isa = PBXGroup;
			children = (
				84A819B52D4CD38C000380FC /* Preview Assets.xcassets */,
			);
			path = "Preview Content";
			sourceTree = "<group>";
		};
		84A819BE2D4CD38C000380FC /* NotesAppTests */ = {
			isa = PBXGroup;
			children = (
				84A819BF2D4CD38C000380FC /* NotesAppTests.swift */,
			);
			path = NotesAppTests;
			sourceTree = "<group>";
		};
		84A819C82D4CD38C000380FC /* NotesAppUITests */ = {
			isa = PBXGroup;
			children = (
				84A819C92D4CD38C000380FC /* NotesAppUITests.swift */,
				84A819CB2D4CD38C000380FC /* NotesAppUITestsLaunchTests.swift */,
			);
			path = NotesAppUITests;
			sourceTree = "<group>";
		};
/* End PBXGroup section */

/* Begin PBXNativeTarget section */
		84A819AA2D4CD38A000380FC /* NotesApp */ = {
			isa = PBXNativeTarget;
			buildConfigurationList = 84A819CF2D4CD38C000380FC /* Build configuration list for PBXNativeTarget "NotesApp" */;
			buildPhases = (
				84A819A72D4CD38A000380FC /* Sources */,
				84A819A82D4CD38A000380FC /* Frameworks */,
				84A819A92D4CD38A000380FC /* Resources */,
			);
			buildRules = (
			);
			dependencies = (
			);
			name = NotesApp;
			productName = NotesApp;
			productReference = 84A819AB2D4CD38A000380FC /* NotesApp.app */;
			productType = "com.apple.product-type.application";
		};
		84A819BA2D4CD38C000380FC /* NotesAppTests */ = {
			isa = PBXNativeTarget;
			buildConfigurationList = 84A819D22D4CD38C000380FC /* Build configuration list for PBXNativeTarget "NotesAppTests" */;
			buildPhases = (
				84A819B72D4CD38C000380FC /* Sources */,
				84A819B82D4CD38C000380FC /* Frameworks */,
				84A819B92D4CD38C000380FC /* Resources */,
			);
			buildRules = (
			);
			dependencies = (
				84A819BD2D4CD38C000380FC /* PBXTargetDependency */,
			);
			name = NotesAppTests;
			productName = NotesAppTests;
			productReference = 84A819BB2D4CD38C000380FC /* NotesAppTests.xctest */;
			productType = "com.apple.product-type.bundle.unit-test";
		};
		84A819C42D4CD38C000380FC /* NotesAppUITests */ = {
			isa = PBXNativeTarget;
			buildConfigurationList = 84A819D52D4CD38C000380FC /* Build configuration list for PBXNativeTarget "NotesAppUITests" */;
			buildPhases = (
				84A819C12D4CD38C000380FC /* Sources */,
				84A819C22D4CD38C000380FC /* Frameworks */,
				84A819C32D4CD38C000380FC /* Resources */,
			);
			buildRules = (
			);
			dependencies = (
				84A819C72D4CD38C000380FC /* PBXTargetDependency */,
			);
			name = NotesAppUITests;
			productName = NotesAppUITests;
			productReference = 84A819C52D4CD38C000380FC /* NotesAppUITests.xctest */;
			productType = "com.apple.product-type.bundle.ui-testing";
		};
/* End PBXNativeTarget section */

/* Begin PBXProject section */
		84A819A32D4CD38A000380FC /* Project object */ = {
			isa = PBXProject;
			attributes = {
				BuildIndependentTargetsInParallel = 1;
				LastSwiftUpdateCheck = 1400;
				LastUpgradeCheck = 1400;
				TargetAttributes = {
					84A819AA2D4CD38A000380FC = {
						CreatedOnToolsVersion = 14.0.1;
					};
					84A819BA2D4CD38C000380FC = {
						CreatedOnToolsVersion = 14.0.1;
						TestTargetID = 84A819AA2D4CD38A000380FC;
					};
					84A819C42D4CD38C000380FC = {
						CreatedOnToolsVersion = 14.0.1;
						TestTargetID = 84A819AA2D4CD38A000380FC;
					};
				};
			};
			buildConfigurationList = 84A819A62D4CD38A000380FC /* Build configuration list for PBXProject "NotesApp" */;
			compatibilityVersion = "Xcode 14.0";
			developmentRegion = en;
			hasScannedForEncodings = 0;
			knownRegions = (
				en,
				Base,
			);
			mainGroup = 84A819A22D4CD38A000380FC;
			productRefGroup = 84A819AC2D4CD38A000380FC /* Products */;
			projectDirPath = "";
			projectRoot = "";
			targets = (
				84A819AA2D4CD38A000380FC /* NotesApp */,
				84A819BA2D4CD38C000380FC /* NotesAppTests */,
				84A819C42D4CD38C000380FC /* NotesAppUITests */,
			);
		};
/* End PBXProject section */

/* Begin PBXResourcesBuildPhase section */
		84A819A92D4CD38A000380FC /* Resources */ = {
			isa = PBXResourcesBuildPhase;
			buildActionMask = 2147483647;
			files = (
				84A819B62D4CD38C000380FC /* Preview Assets.xcassets in Resources */,
				84A819B32D4CD38C000380FC /* Assets.xcassets in Resources */,
			);
			runOnlyForDeploymentPostprocessing = 0;
		};
		84A819B92D4CD38C000380FC /* Resources */ = {
			isa = PBXResourcesBuildPhase;
			buildActionMask = 2147483647;
			files = (
			);
			runOnlyForDeploymentPostprocessing = 0;
		};
		84A819C32D4CD38C000380FC /* Resources */ = {
			isa = PBXResourcesBuildPhase;
			buildActionMask = 2147483647;
			files = (
			);
			runOnlyForDeploymentPostprocessing = 0;
		};
/* End PBXResourcesBuildPhase section */

/* Begin PBXSourcesBuildPhase section */
		84A819A72D4CD38A000380FC /* Sources */ = {
			isa = PBXSourcesBuildPhase;
			buildActionMask = 2147483647;
			files = (
				84A819D92D4CD49C000380FC /* NotesListView.swift in Sources */,
				84A819AF2D4CD38A000380FC /* NotesAppApp.swift in Sources */,
				84A819DB2D4CD4DD000380FC /* PersistenceController.swift in Sources */,
				84A819DF2D4CD53C000380FC /* EditNoteView.swift in Sources */,
				84A819E22D4CD7FF000380FC /* NotesApp.xcdatamodeld in Sources */,
				84A819DD2D4CD510000380FC /* AddNoteView.swift in Sources */,
			);
			runOnlyForDeploymentPostprocessing = 0;
		};
		84A819B72D4CD38C000380FC /* Sources */ = {
			isa = PBXSourcesBuildPhase;
			buildActionMask = 2147483647;
			files = (
				84A819C02D4CD38C000380FC /* NotesAppTests.swift in Sources */,
			);
			runOnlyForDeploymentPostprocessing = 0;
		};
		84A819C12D4CD38C000380FC /* Sources */ = {
			isa = PBXSourcesBuildPhase;
			buildActionMask = 2147483647;
			files = (
				84A819CC2D4CD38C000380FC /* NotesAppUITestsLaunchTests.swift in Sources */,
				84A819CA2D4CD38C000380FC /* NotesAppUITests.swift in Sources */,
			);
			runOnlyForDeploymentPostprocessing = 0;
		};
/* End PBXSourcesBuildPhase section */

/* Begin PBXTargetDependency section */
		84A819BD2D4CD38C000380FC /* PBXTargetDependency */ = {
			isa = PBXTargetDependency;
			target = 84A819AA2D4CD38A000380FC /* NotesApp */;
			targetProxy = 84A819BC2D4CD38C000380FC /* PBXContainerItemProxy */;
		};
		84A819C72D4CD38C000380FC /* PBXTargetDependency */ = {
			isa = PBXTargetDependency;
			target = 84A819AA2D4CD38A000380FC /* NotesApp */;
			targetProxy = 84A819C62D4CD38C000380FC /* PBXContainerItemProxy */;
		};
/* End PBXTargetDependency section */

/* Begin XCBuildConfiguration section */
		84A819CD2D4CD38C000380FC /* Debug */ = {
			isa = XCBuildConfiguration;
			buildSettings = {
				ALWAYS_SEARCH_USER_PATHS = NO;
				CLANG_ANALYZER_NONNULL = YES;
				CLANG_ANALYZER_NUMBER_OBJECT_CONVERSION = YES_AGGRESSIVE;
				CLANG_CXX_LANGUAGE_STANDARD = "gnu++20";
				CLANG_ENABLE_MODULES = YES;
				CLANG_ENABLE_OBJC_ARC = YES;
				CLANG_ENABLE_OBJC_WEAK = YES;
				CLANG_WARN_BLOCK_CAPTURE_AUTORELEASING = YES;
				CLANG_WARN_BOOL_CONVERSION = YES;
				CLANG_WARN_COMMA = YES;
				CLANG_WARN_CONSTANT_CONVERSION = YES;
				CLANG_WARN_DEPRECATED_OBJC_IMPLEMENTATIONS = YES;
				CLANG_WARN_DIRECT_OBJC_ISA_USAGE = YES_ERROR;
				CLANG_WARN_DOCUMENTATION_COMMENTS = YES;
				CLANG_WARN_EMPTY_BODY = YES;
				CLANG_WARN_ENUM_CONVERSION = YES;
				CLANG_WARN_INFINITE_RECURSION = YES;
				CLANG_WARN_INT_CONVERSION = YES;
				CLANG_WARN_NON_LITERAL_NULL_CONVERSION = YES;
				CLANG_WARN_OBJC_IMPLICIT_RETAIN_SELF = YES;
				CLANG_WARN_OBJC_LITERAL_CONVERSION = YES;
				CLANG_WARN_OBJC_ROOT_CLASS = YES_ERROR;
				CLANG_WARN_QUOTED_INCLUDE_IN_FRAMEWORK_HEADER = YES;
				CLANG_WARN_RANGE_LOOP_ANALYSIS = YES;
				CLANG_WARN_STRICT_PROTOTYPES = YES;
				CLANG_WARN_SUSPICIOUS_MOVE = YES;
				CLANG_WARN_UNGUARDED_AVAILABILITY = YES_AGGRESSIVE;
				CLANG_WARN_UNREACHABLE_CODE = YES;
				CLANG_WARN__DUPLICATE_METHOD_MATCH = YES;
				COPY_PHASE_STRIP = NO;
				DEBUG_INFORMATION_FORMAT = dwarf;
				ENABLE_STRICT_OBJC_MSGSEND = YES;
				ENABLE_TESTABILITY = YES;
				GCC_C_LANGUAGE_STANDARD = gnu11;
				GCC_DYNAMIC_NO_PIC = NO;
				GCC_NO_COMMON_BLOCKS = YES;
				GCC_OPTIMIZATION_LEVEL = 0;
				GCC_PREPROCESSOR_DEFINITIONS = (
					"DEBUG=1",
					"$(inherited)",
				);
				GCC_WARN_64_TO_32_BIT_CONVERSION = YES;
				GCC_WARN_ABOUT_RETURN_TYPE = YES_ERROR;
				GCC_WARN_UNDECLARED_SELECTOR = YES;
				GCC_WARN_UNINITIALIZED_AUTOS = YES_AGGRESSIVE;
				GCC_WARN_UNUSED_FUNCTION = YES;
				GCC_WARN_UNUSED_VARIABLE = YES;
				IPHONEOS_DEPLOYMENT_TARGET = 16.0;
				MTL_ENABLE_DEBUG_INFO = INCLUDE_SOURCE;
				MTL_FAST_MATH = YES;
				ONLY_ACTIVE_ARCH = YES;
				SDKROOT = iphoneos;
				SWIFT_ACTIVE_COMPILATION_CONDITIONS = DEBUG;
				SWIFT_OPTIMIZATION_LEVEL = "-Onone";
			};
			name = Debug;
		};
		84A819CE2D4CD38C000380FC /* Release */ = {
			isa = XCBuildConfiguration;
			buildSettings = {
				ALWAYS_SEARCH_USER_PATHS = NO;
				CLANG_ANALYZER_NONNULL = YES;
				CLANG_ANALYZER_NUMBER_OBJECT_CONVERSION = YES_AGGRESSIVE;
				CLANG_CXX_LANGUAGE_STANDARD = "gnu++20";
				CLANG_ENABLE_MODULES = YES;
				CLANG_ENABLE_OBJC_ARC = YES;
				CLANG_ENABLE_OBJC_WEAK = YES;
				CLANG_WARN_BLOCK_CAPTURE_AUTORELEASING = YES;
				CLANG_WARN_BOOL_CONVERSION = YES;
				CLANG_WARN_COMMA = YES;
				CLANG_WARN_CONSTANT_CONVERSION = YES;
				CLANG_WARN_DEPRECATED_OBJC_IMPLEMENTATIONS = YES;
				CLANG_WARN_DIRECT_OBJC_ISA_USAGE = YES_ERROR;
				CLANG_WARN_DOCUMENTATION_COMMENTS = YES;
				CLANG_WARN_EMPTY_BODY = YES;
				CLANG_WARN_ENUM_CONVERSION = YES;
				CLANG_WARN_INFINITE_RECURSION = YES;
				CLANG_WARN_INT_CONVERSION = YES;
				CLANG_WARN_NON_LITERAL_NULL_CONVERSION = YES;
				CLANG_WARN_OBJC_IMPLICIT_RETAIN_SELF = YES;
				CLANG_WARN_OBJC_LITERAL_CONVERSION = YES;
				CLANG_WARN_OBJC_ROOT_CLASS = YES_ERROR;
				CLANG_WARN_QUOTED_INCLUDE_IN_FRAMEWORK_HEADER = YES;
				CLANG_WARN_RANGE_LOOP_ANALYSIS = YES;
				CLANG_WARN_STRICT_PROTOTYPES = YES;
				CLANG_WARN_SUSPICIOUS_MOVE = YES;
				CLANG_WARN_UNGUARDED_AVAILABILITY = YES_AGGRESSIVE;
				CLANG_WARN_UNREACHABLE_CODE = YES;
				CLANG_WARN__DUPLICATE_METHOD_MATCH = YES;
				COPY_PHASE_STRIP = NO;
				DEBUG_INFORMATION_FORMAT = "dwarf-with-dsym";
				ENABLE_NS_ASSERTIONS = NO;
				ENABLE_STRICT_OBJC_MSGSEND = YES;
				GCC_C_LANGUAGE_STANDARD = gnu11;
				GCC_NO_COMMON_BLOCKS = YES;
				GCC_WARN_64_TO_32_BIT_CONVERSION = YES;
				GCC_WARN_ABOUT_RETURN_TYPE = YES_ERROR;
				GCC_WARN_UNDECLARED_SELECTOR = YES;
				GCC_WARN_UNINITIALIZED_AUTOS = YES_AGGRESSIVE;
				GCC_WARN_UNUSED_FUNCTION = YES;
				GCC_WARN_UNUSED_VARIABLE = YES;
				IPHONEOS_DEPLOYMENT_TARGET = 16.0;
				MTL_ENABLE_DEBUG_INFO = NO;
				MTL_FAST_MATH = YES;
				SDKROOT = iphoneos;
				SWIFT_COMPILATION_MODE = wholemodule;
				SWIFT_OPTIMIZATION_LEVEL = "-O";
				VALIDATE_PRODUCT = YES;
			};
			name = Release;
		};
		84A819D02D4CD38C000380FC /* Debug */ = {
			isa = XCBuildConfiguration;
			buildSettings = {
				ASSETCATALOG_COMPILER_APPICON_NAME = AppIcon;
				ASSETCATALOG_COMPILER_GLOBAL_ACCENT_COLOR_NAME = AccentColor;
				CODE_SIGN_STYLE = Automatic;
				CURRENT_PROJECT_VERSION = 1;
				DEVELOPMENT_ASSET_PATHS = "\"NotesApp/Preview Content\"";
				ENABLE_PREVIEWS = YES;
				GENERATE_INFOPLIST_FILE = YES;
				INFOPLIST_KEY_UIApplicationSceneManifest_Generation = YES;
				INFOPLIST_KEY_UIApplicationSupportsIndirectInputEvents = YES;
				INFOPLIST_KEY_UILaunchScreen_Generation = YES;
				INFOPLIST_KEY_UISupportedInterfaceOrientations_iPad = "UIInterfaceOrientationPortrait UIInterfaceOrientationPortraitUpsideDown UIInterfaceOrientationLandscapeLeft UIInterfaceOrientationLandscapeRight";
				INFOPLIST_KEY_UISupportedInterfaceOrientations_iPhone = "UIInterfaceOrientationPortrait UIInterfaceOrientationLandscapeLeft UIInterfaceOrientationLandscapeRight";
				LD_RUNPATH_SEARCH_PATHS = (
					"$(inherited)",
					"@executable_path/Frameworks",
				);
				MARKETING_VERSION = 1.0;
				PRODUCT_BUNDLE_IDENTIFIER = com.example.sampleapp.NotesApp;
				PRODUCT_NAME = "$(TARGET_NAME)";
				SWIFT_EMIT_LOC_STRINGS = YES;
				SWIFT_VERSION = 5.0;
				TARGETED_DEVICE_FAMILY = "1,2";
			};
			name = Debug;
		};
		84A819D12D4CD38C000380FC /* Release */ = {
			isa = XCBuildConfiguration;
			buildSettings = {
				ASSETCATALOG_COMPILER_APPICON_NAME = AppIcon;
				ASSETCATALOG_COMPILER_GLOBAL_ACCENT_COLOR_NAME = AccentColor;
				CODE_SIGN_STYLE = Automatic;
				CURRENT_PROJECT_VERSION = 1;
				DEVELOPMENT_ASSET_PATHS = "\"NotesApp/Preview Content\"";
				ENABLE_PREVIEWS = YES;
				GENERATE_INFOPLIST_FILE = YES;
				INFOPLIST_KEY_UIApplicationSceneManifest_Generation = YES;
				INFOPLIST_KEY_UIApplicationSupportsIndirectInputEvents = YES;
				INFOPLIST_KEY_UILaunchScreen_Generation = YES;
				INFOPLIST_KEY_UISupportedInterfaceOrientations_iPad = "UIInterfaceOrientationPortrait UIInterfaceOrientationPortraitUpsideDown UIInterfaceOrientationLandscapeLeft UIInterfaceOrientationLandscapeRight";
				INFOPLIST_KEY_UISupportedInterfaceOrientations_iPhone = "UIInterfaceOrientationPortrait UIInterfaceOrientationLandscapeLeft UIInterfaceOrientationLandscapeRight";
				LD_RUNPATH_SEARCH_PATHS = (
					"$(inherited)",
					"@executable_path/Frameworks",
				);
				MARKETING_VERSION = 1.0;
				PRODUCT_BUNDLE_IDENTIFIER = com.example.sampleapp.NotesApp;
				PRODUCT_NAME = "$(TARGET_NAME)";
				SWIFT_EMIT_LOC_STRINGS = YES;
				SWIFT_VERSION = 5.0;
				TARGETED_DEVICE_FAMILY = "1,2";
			};
			name = Release;
		};
		84A819D32D4CD38C000380FC /* Debug */ = {
			isa = XCBuildConfiguration;
			buildSettings = {
				ALWAYS_EMBED_SWIFT_STANDARD_LIBRARIES = YES;
				BUNDLE_LOADER = "$(TEST_HOST)";
				CODE_SIGN_STYLE = Automatic;
				CURRENT_PROJECT_VERSION = 1;
				GENERATE_INFOPLIST_FILE = YES;
				IPHONEOS_DEPLOYMENT_TARGET = 16.0;
				MARKETING_VERSION = 1.0;
				PRODUCT_BUNDLE_IDENTIFIER = com.example.sampleapp.NotesAppTests;
				PRODUCT_NAME = "$(TARGET_NAME)";
				SWIFT_EMIT_LOC_STRINGS = NO;
				SWIFT_VERSION = 5.0;
				TARGETED_DEVICE_FAMILY = "1,2";
				TEST_HOST = "$(BUILT_PRODUCTS_DIR)/NotesApp.app/$(BUNDLE_EXECUTABLE_FOLDER_PATH)/NotesApp";
			};
			name = Debug;
		};
		84A819D42D4CD38C000380FC /* Release */ = {
			isa = XCBuildConfiguration;
			buildSettings = {
				ALWAYS_EMBED_SWIFT_STANDARD_LIBRARIES = YES;
				BUNDLE_LOADER = "$(TEST_HOST)";
				CODE_SIGN_STYLE = Automatic;
				CURRENT_PROJECT_VERSION = 1;
				GENERATE_INFOPLIST_FILE = YES;
				IPHONEOS_DEPLOYMENT_TARGET = 16.0;
				MARKETING_VERSION = 1.0;
				PRODUCT_BUNDLE_IDENTIFIER = com.example.sampleapp.NotesAppTests;
				PRODUCT_NAME = "$(TARGET_NAME)";
				SWIFT_EMIT_LOC_STRINGS = NO;
				SWIFT_VERSION = 5.0;
				TARGETED_DEVICE_FAMILY = "1,2";
				TEST_HOST = "$(BUILT_PRODUCTS_DIR)/NotesApp.app/$(BUNDLE_EXECUTABLE_FOLDER_PATH)/NotesApp";
			};
			name = Release;
		};
		84A819D62D4CD38C000380FC /* Debug */ = {
			isa = XCBuildConfiguration;
			buildSettings = {
				ALWAYS_EMBED_SWIFT_STANDARD_LIBRARIES = YES;
				CODE_SIGN_STYLE = Automatic;
				CURRENT_PROJECT_VERSION = 1;
				GENERATE_INFOPLIST_FILE = YES;
				MARKETING_VERSION = 1.0;
				PRODUCT_BUNDLE_IDENTIFIER = com.example.sampleapp.NotesAppUITests;
				PRODUCT_NAME = "$(TARGET_NAME)";
				SWIFT_EMIT_LOC_STRINGS = NO;
				SWIFT_VERSION = 5.0;
				TARGETED_DEVICE_FAMILY = "1,2";
				TEST_TARGET_NAME = NotesApp;
			};
			name = Debug;
		};
		84A819D72D4CD38C000380FC /* Release */ = {
			isa = XCBuildConfiguration;
			buildSettings = {
				ALWAYS_EMBED_SWIFT_STANDARD_LIBRARIES = YES;
				CODE_SIGN_STYLE = Automatic;
				CURRENT_PROJECT_VERSION = 1;
				GENERATE_INFOPLIST_FILE = YES;
				MARKETING_VERSION = 1.0;
				PRODUCT_BUNDLE_IDENTIFIER = com.example.sampleapp.NotesAppUITests;
				PRODUCT_NAME = "$(TARGET_NAME)";
				SWIFT_EMIT_LOC_STRINGS = NO;
				SWIFT_VERSION = 5.0;
				TARGETED_DEVICE_FAMILY = "1,2";
				TEST_TARGET_NAME = NotesApp;
			};
			name = Release;
		};
/* End XCBuildConfiguration section */

/* Begin XCConfigurationList section */
		84A819A62D4CD38A000380FC /* Build configuration list for PBXProject "NotesApp" */ = {
			isa = XCConfigurationList;
			buildConfigurations = (
				84A819CD2D4CD38C000380FC /* Debug */,
				84A819CE2D4CD38C000380FC /* Release */,
			);
			defaultConfigurationIsVisible = 0;
			defaultConfigurationName = Release;
		};
		84A819CF2D4CD38C000380FC /* Build configuration list for PBXNativeTarget "NotesApp" */ = {
			isa = XCConfigurationList;
			buildConfigurations = (
				84A819D02D4CD38C000380FC /* Debug */,
				84A819D12D4CD38C000380FC /* Release */,
			);
			defaultConfigurationIsVisible = 0;
			defaultConfigurationName = Release;
		};
		84A819D22D4CD38C000380FC /* Build configuration list for PBXNativeTarget "NotesAppTests" */ = {
			isa = XCConfigurationList;
			buildConfigurations = (
				84A819D32D4CD38C000380FC /* Debug */,
				84A819D42D4CD38C000380FC /* Release */,
			);
			defaultConfigurationIsVisible = 0;
			defaultConfigurationName = Release;
		};
		84A819D52D4CD38C000380FC /* Build configuration list for PBXNativeTarget "NotesAppUITests" */ = {
			isa = XCConfigurationList;
			buildConfigurations = (
				84A819D62D4CD38C000380FC /* Debug */,
				84A819D72D4CD38C000380FC /* Release */,
			);
			defaultConfigurationIsVisible = 0;
			defaultConfigurationName = Release;
		};
/* End XCConfigurationList section */

/* Begin XCVersionGroup section */
		84A819E02D4CD7FF000380FC /* NotesApp.xcdatamodeld */ = {
			isa = XCVersionGroup;
			children = (
				84A819E12D4CD7FF000380FC /* NotesApp.xcdatamodel */,
			);
			currentVersion = 84A819E12D4CD7FF000380FC /* NotesApp.xcdatamodel */;
			path = NotesApp.xcdatamodeld;
			sourceTree = "<group>";
			versionGroupType = wrapper.xcdatamodel;
		};
/* End XCVersionGroup section */
	};
	rootObject = 84A819A32D4CD38A000380FC /* Project object */;
}
