// !$*UTF8*$!
{
	archiveVersion = 1;
	classes = {
	};
	objectVersion = 56;
	objects = {

/* Begin PBXBuildFile section */
		8416611F2D48D8850092D062 /* CounterAppApp.swift in Sources */ = {isa = PBXBuildFile; fileRef = 8416611E2D48D8850092D062 /* CounterAppApp.swift */; };
		841661212D48D8850092D062 /* ContentView.swift in Sources */ = {isa = PBXBuildFile; fileRef = 841661202D48D8850092D062 /* ContentView.swift */; };
		841661232D48D8870092D062 /* Assets.xcassets in Resources */ = {isa = PBXBuildFile; fileRef = 841661222D48D8870092D062 /* Assets.xcassets */; };
		841661262D48D8870092D062 /* Preview Assets.xcassets in Resources */ = {isa = PBXBuildFile; fileRef = 841661252D48D8870092D062 /* Preview Assets.xcassets */; };
		841661302D48D8870092D062 /* CounterAppTests.swift in Sources */ = {isa = PBXBuildFile; fileRef = 8416612F2D48D8870092D062 /* CounterAppTests.swift */; };
		8416613A2D48D8870092D062 /* CounterAppUITests.swift in Sources */ = {isa = PBXBuildFile; fileRef = 841661392D48D8870092D062 /* CounterAppUITests.swift */; };
		8416613C2D48D8870092D062 /* CounterAppUITestsLaunchTests.swift in Sources */ = {isa = PBXBuildFile; fileRef = 8416613B2D48D8870092D062 /* CounterAppUITestsLaunchTests.swift */; };
		841661492D48EB7A0092D062 /* SecondUI.swift in Sources */ = {isa = PBXBuildFile; fileRef = 841661482D48EB7A0092D062 /* SecondUI.swift */; };
/* End PBXBuildFile section */

/* Begin PBXContainerItemProxy section */
		8416612C2D48D8870092D062 /* PBXContainerItemProxy */ = {
			isa = PBXContainerItemProxy;
			containerPortal = 841661132D48D8850092D062 /* Project object */;
			proxyType = 1;
			remoteGlobalIDString = 8416611A2D48D8850092D062;
			remoteInfo = CounterApp;
		};
		841661362D48D8870092D062 /* PBXContainerItemProxy */ = {
			isa = PBXContainerItemProxy;
			containerPortal = 841661132D48D8850092D062 /* Project object */;
			proxyType = 1;
			remoteGlobalIDString = 8416611A2D48D8850092D062;
			remoteInfo = CounterApp;
		};
/* End PBXContainerItemProxy section */

/* Begin PBXFileReference section */
		8416611B2D48D8850092D062 /* CounterApp.app */ = {isa = PBXFileReference; explicitFileType = wrapper.application; includeInIndex = 0; path = CounterApp.app; sourceTree = BUILT_PRODUCTS_DIR; };
		8416611E2D48D8850092D062 /* CounterAppApp.swift */ = {isa = PBXFileReference; lastKnownFileType = sourcecode.swift; path = CounterAppApp.swift; sourceTree = "<group>"; };
		841661202D48D8850092D062 /* ContentView.swift */ = {isa = PBXFileReference; lastKnownFileType = sourcecode.swift; path = ContentView.swift; sourceTree = "<group>"; };
		841661222D48D8870092D062 /* Assets.xcassets */ = {isa = PBXFileReference; lastKnownFileType = folder.assetcatalog; path = Assets.xcassets; sourceTree = "<group>"; };
		841661252D48D8870092D062 /* Preview Assets.xcassets */ = {isa = PBXFileReference; lastKnownFileType = folder.assetcatalog; path = "Preview Assets.xcassets"; sourceTree = "<group>"; };
		8416612B2D48D8870092D062 /* CounterAppTests.xctest */ = {isa = PBXFileReference; explicitFileType = wrapper.cfbundle; includeInIndex = 0; path = CounterAppTests.xctest; sourceTree = BUILT_PRODUCTS_DIR; };
		8416612F2D48D8870092D062 /* CounterAppTests.swift */ = {isa = PBXFileReference; lastKnownFileType = sourcecode.swift; path = CounterAppTests.swift; sourceTree = "<group>"; };
		841661352D48D8870092D062 /* CounterAppUITests.xctest */ = {isa = PBXFileReference; explicitFileType = wrapper.cfbundle; includeInIndex = 0; path = CounterAppUITests.xctest; sourceTree = BUILT_PRODUCTS_DIR; };
		841661392D48D8870092D062 /* CounterAppUITests.swift */ = {isa = PBXFileReference; lastKnownFileType = sourcecode.swift; path = CounterAppUITests.swift; sourceTree = "<group>"; };
		8416613B2D48D8870092D062 /* CounterAppUITestsLaunchTests.swift */ = {isa = PBXFileReference; lastKnownFileType = sourcecode.swift; path = CounterAppUITestsLaunchTests.swift; sourceTree = "<group>"; };
		841661482D48EB7A0092D062 /* SecondUI.swift */ = {isa = PBXFileReference; lastKnownFileType = sourcecode.swift; path = SecondUI.swift; sourceTree = "<group>"; };
/* End PBXFileReference section */

/* Begin PBXFrameworksBuildPhase section */
		841661182D48D8850092D062 /* Frameworks */ = {
			isa = PBXFrameworksBuildPhase;
			buildActionMask = 2147483647;
			files = (
			);
			runOnlyForDeploymentPostprocessing = 0;
		};
		841661282D48D8870092D062 /* Frameworks */ = {
			isa = PBXFrameworksBuildPhase;
			buildActionMask = 2147483647;
			files = (
			);
			runOnlyForDeploymentPostprocessing = 0;
		};
		841661322D48D8870092D062 /* Frameworks */ = {
			isa = PBXFrameworksBuildPhase;
			buildActionMask = 2147483647;
			files = (
			);
			runOnlyForDeploymentPostprocessing = 0;
		};
/* End PBXFrameworksBuildPhase section */

/* Begin PBXGroup section */
		841661122D48D8850092D062 = {
			isa = PBXGroup;
			children = (
				8416611D2D48D8850092D062 /* CounterApp */,
				8416612E2D48D8870092D062 /* CounterAppTests */,
				841661382D48D8870092D062 /* CounterAppUITests */,
				8416611C2D48D8850092D062 /* Products */,
			);
			sourceTree = "<group>";
		};
		8416611C2D48D8850092D062 /* Products */ = {
			isa = PBXGroup;
			children = (
				8416611B2D48D8850092D062 /* CounterApp.app */,
				8416612B2D48D8870092D062 /* CounterAppTests.xctest */,
				841661352D48D8870092D062 /* CounterAppUITests.xctest */,
			);
			name = Products;
			sourceTree = "<group>";
		};
		8416611D2D48D8850092D062 /* CounterApp */ = {
			isa = PBXGroup;
			children = (
				8416611E2D48D8850092D062 /* CounterAppApp.swift */,
				841661202D48D8850092D062 /* ContentView.swift */,
				841661482D48EB7A0092D062 /* SecondUI.swift */,
				841661222D48D8870092D062 /* Assets.xcassets */,
				841661242D48D8870092D062 /* Preview Content */,
			);
			path = CounterApp;
			sourceTree = "<group>";
		};
		841661242D48D8870092D062 /* Preview Content */ = {
			isa = PBXGroup;
			children = (
				841661252D48D8870092D062 /* Preview Assets.xcassets */,
			);
			path = "Preview Content";
			sourceTree = "<group>";
		};
		8416612E2D48D8870092D062 /* CounterAppTests */ = {
			isa = PBXGroup;
			children = (
				8416612F2D48D8870092D062 /* CounterAppTests.swift */,
			);
			path = CounterAppTests;
			sourceTree = "<group>";
		};
		841661382D48D8870092D062 /* CounterAppUITests */ = {
			isa = PBXGroup;
			children = (
				841661392D48D8870092D062 /* CounterAppUITests.swift */,
				8416613B2D48D8870092D062 /* CounterAppUITestsLaunchTests.swift */,
			);
			path = CounterAppUITests;
			sourceTree = "<group>";
		};
/* End PBXGroup section */

/* Begin PBXNativeTarget section */
		8416611A2D48D8850092D062 /* CounterApp */ = {
			isa = PBXNativeTarget;
			buildConfigurationList = 8416613F2D48D8870092D062 /* Build configuration list for PBXNativeTarget "CounterApp" */;
			buildPhases = (
				841661172D48D8850092D062 /* Sources */,
				841661182D48D8850092D062 /* Frameworks */,
				841661192D48D8850092D062 /* Resources */,
			);
			buildRules = (
			);
			dependencies = (
			);
			name = CounterApp;
			productName = CounterApp;
			productReference = 8416611B2D48D8850092D062 /* CounterApp.app */;
			productType = "com.apple.product-type.application";
		};
		8416612A2D48D8870092D062 /* CounterAppTests */ = {
			isa = PBXNativeTarget;
			buildConfigurationList = 841661422D48D8870092D062 /* Build configuration list for PBXNativeTarget "CounterAppTests" */;
			buildPhases = (
				841661272D48D8870092D062 /* Sources */,
				841661282D48D8870092D062 /* Frameworks */,
				841661292D48D8870092D062 /* Resources */,
			);
			buildRules = (
			);
			dependencies = (
				8416612D2D48D8870092D062 /* PBXTargetDependency */,
			);
			name = CounterAppTests;
			productName = CounterAppTests;
			productReference = 8416612B2D48D8870092D062 /* CounterAppTests.xctest */;
			productType = "com.apple.product-type.bundle.unit-test";
		};
		841661342D48D8870092D062 /* CounterAppUITests */ = {
			isa = PBXNativeTarget;
			buildConfigurationList = 841661452D48D8870092D062 /* Build configuration list for PBXNativeTarget "CounterAppUITests" */;
			buildPhases = (
				841661312D48D8870092D062 /* Sources */,
				841661322D48D8870092D062 /* Frameworks */,
				841661332D48D8870092D062 /* Resources */,
			);
			buildRules = (
			);
			dependencies = (
				841661372D48D8870092D062 /* PBXTargetDependency */,
			);
			name = CounterAppUITests;
			productName = CounterAppUITests;
			productReference = 841661352D48D8870092D062 /* CounterAppUITests.xctest */;
			productType = "com.apple.product-type.bundle.ui-testing";
		};
/* End PBXNativeTarget section */

/* Begin PBXProject section */
		841661132D48D8850092D062 /* Project object */ = {
			isa = PBXProject;
			attributes = {
				BuildIndependentTargetsInParallel = 1;
				LastSwiftUpdateCheck = 1400;
				LastUpgradeCheck = 1400;
				TargetAttributes = {
					8416611A2D48D8850092D062 = {
						CreatedOnToolsVersion = 14.0.1;
					};
					8416612A2D48D8870092D062 = {
						CreatedOnToolsVersion = 14.0.1;
						TestTargetID = 8416611A2D48D8850092D062;
					};
					841661342D48D8870092D062 = {
						CreatedOnToolsVersion = 14.0.1;
						TestTargetID = 8416611A2D48D8850092D062;
					};
				};
			};
			buildConfigurationList = 841661162D48D8850092D062 /* Build configuration list for PBXProject "CounterApp" */;
			compatibilityVersion = "Xcode 14.0";
			developmentRegion = en;
			hasScannedForEncodings = 0;
			knownRegions = (
				en,
				Base,
			);
			mainGroup = 841661122D48D8850092D062;
			productRefGroup = 8416611C2D48D8850092D062 /* Products */;
			projectDirPath = "";
			projectRoot = "";
			targets = (
				8416611A2D48D8850092D062 /* CounterApp */,
				8416612A2D48D8870092D062 /* CounterAppTests */,
				841661342D48D8870092D062 /* CounterAppUITests */,
			);
		};
/* End PBXProject section */

/* Begin PBXResourcesBuildPhase section */
		841661192D48D8850092D062 /* Resources */ = {
			isa = PBXResourcesBuildPhase;
			buildActionMask = 2147483647;
			files = (
				841661262D48D8870092D062 /* Preview Assets.xcassets in Resources */,
				841661232D48D8870092D062 /* Assets.xcassets in Resources */,
			);
			runOnlyForDeploymentPostprocessing = 0;
		};
		841661292D48D8870092D062 /* Resources */ = {
			isa = PBXResourcesBuildPhase;
			buildActionMask = 2147483647;
			files = (
			);
			runOnlyForDeploymentPostprocessing = 0;
		};
		841661332D48D8870092D062 /* Resources */ = {
			isa = PBXResourcesBuildPhase;
			buildActionMask = 2147483647;
			files = (
			);
			runOnlyForDeploymentPostprocessing = 0;
		};
/* End PBXResourcesBuildPhase section */

/* Begin PBXSourcesBuildPhase section */
		841661172D48D8850092D062 /* Sources */ = {
			isa = PBXSourcesBuildPhase;
			buildActionMask = 2147483647;
			files = (
				841661212D48D8850092D062 /* ContentView.swift in Sources */,
				8416611F2D48D8850092D062 /* CounterAppApp.swift in Sources */,
				841661492D48EB7A0092D062 /* SecondUI.swift in Sources */,
			);
			runOnlyForDeploymentPostprocessing = 0;
		};
		841661272D48D8870092D062 /* Sources */ = {
			isa = PBXSourcesBuildPhase;
			buildActionMask = 2147483647;
			files = (
				841661302D48D8870092D062 /* CounterAppTests.swift in Sources */,
			);
			runOnlyForDeploymentPostprocessing = 0;
		};
		841661312D48D8870092D062 /* Sources */ = {
			isa = PBXSourcesBuildPhase;
			buildActionMask = 2147483647;
			files = (
				8416613A2D48D8870092D062 /* CounterAppUITests.swift in Sources */,
				8416613C2D48D8870092D062 /* CounterAppUITestsLaunchTests.swift in Sources */,
			);
			runOnlyForDeploymentPostprocessing = 0;
		};
/* End PBXSourcesBuildPhase section */

/* Begin PBXTargetDependency section */
		8416612D2D48D8870092D062 /* PBXTargetDependency */ = {
			isa = PBXTargetDependency;
			target = 8416611A2D48D8850092D062 /* CounterApp */;
			targetProxy = 8416612C2D48D8870092D062 /* PBXContainerItemProxy */;
		};
		841661372D48D8870092D062 /* PBXTargetDependency */ = {
			isa = PBXTargetDependency;
			target = 8416611A2D48D8850092D062 /* CounterApp */;
			targetProxy = 841661362D48D8870092D062 /* PBXContainerItemProxy */;
		};
/* End PBXTargetDependency section */

/* Begin XCBuildConfiguration section */
		8416613D2D48D8870092D062 /* Debug */ = {
			isa = XCBuildConfiguration;
			buildSettings = {
				ALWAYS_SEARCH_USER_PATHS = NO;
				CLANG_ANALYZER_NONNULL = YES;
				CLANG_ANALYZER_NUMBER_OBJECT_CONVERSION = YES_AGGRESSIVE;
				CLANG_CXX_LANGUAGE_STANDARD = "gnu++20";
				CLANG_ENABLE_MODULES = YES;
				CLANG_ENABLE_OBJC_ARC = YES;
				CLANG_ENABLE_OBJC_WEAK = YES;
				CLANG_WARN_BLOCK_CAPTURE_AUTORELEASING = YES;
				CLANG_WARN_BOOL_CONVERSION = YES;
				CLANG_WARN_COMMA = YES;
				CLANG_WARN_CONSTANT_CONVERSION = YES;
				CLANG_WARN_DEPRECATED_OBJC_IMPLEMENTATIONS = YES;
				CLANG_WARN_DIRECT_OBJC_ISA_USAGE = YES_ERROR;
				CLANG_WARN_DOCUMENTATION_COMMENTS = YES;
				CLANG_WARN_EMPTY_BODY = YES;
				CLANG_WARN_ENUM_CONVERSION = YES;
				CLANG_WARN_INFINITE_RECURSION = YES;
				CLANG_WARN_INT_CONVERSION = YES;
				CLANG_WARN_NON_LITERAL_NULL_CONVERSION = YES;
				CLANG_WARN_OBJC_IMPLICIT_RETAIN_SELF = YES;
				CLANG_WARN_OBJC_LITERAL_CONVERSION = YES;
				CLANG_WARN_OBJC_ROOT_CLASS = YES_ERROR;
				CLANG_WARN_QUOTED_INCLUDE_IN_FRAMEWORK_HEADER = YES;
				CLANG_WARN_RANGE_LOOP_ANALYSIS = YES;
				CLANG_WARN_STRICT_PROTOTYPES = YES;
				CLANG_WARN_SUSPICIOUS_MOVE = YES;
				CLANG_WARN_UNGUARDED_AVAILABILITY = YES_AGGRESSIVE;
				CLANG_WARN_UNREACHABLE_CODE = YES;
				CLANG_WARN__DUPLICATE_METHOD_MATCH = YES;
				COPY_PHASE_STRIP = NO;
				DEBUG_INFORMATION_FORMAT = dwarf;
				ENABLE_STRICT_OBJC_MSGSEND = YES;
				ENABLE_TESTABILITY = YES;
				GCC_C_LANGUAGE_STANDARD = gnu11;
				GCC_DYNAMIC_NO_PIC = NO;
				GCC_NO_COMMON_BLOCKS = YES;
				GCC_OPTIMIZATION_LEVEL = 0;
				GCC_PREPROCESSOR_DEFINITIONS = (
					"DEBUG=1",
					"$(inherited)",
				);
				GCC_WARN_64_TO_32_BIT_CONVERSION = YES;
				GCC_WARN_ABOUT_RETURN_TYPE = YES_ERROR;
				GCC_WARN_UNDECLARED_SELECTOR = YES;
				GCC_WARN_UNINITIALIZED_AUTOS = YES_AGGRESSIVE;
				GCC_WARN_UNUSED_FUNCTION = YES;
				GCC_WARN_UNUSED_VARIABLE = YES;
				IPHONEOS_DEPLOYMENT_TARGET = 16.0;
				MTL_ENABLE_DEBUG_INFO = INCLUDE_SOURCE;
				MTL_FAST_MATH = YES;
				ONLY_ACTIVE_ARCH = YES;
				SDKROOT = iphoneos;
				SWIFT_ACTIVE_COMPILATION_CONDITIONS = DEBUG;
				SWIFT_OPTIMIZATION_LEVEL = "-Onone";
			};
			name = Debug;
		};
		8416613E2D48D8870092D062 /* Release */ = {
			isa = XCBuildConfiguration;
			buildSettings = {
				ALWAYS_SEARCH_USER_PATHS = NO;
				CLANG_ANALYZER_NONNULL = YES;
				CLANG_ANALYZER_NUMBER_OBJECT_CONVERSION = YES_AGGRESSIVE;
				CLANG_CXX_LANGUAGE_STANDARD = "gnu++20";
				CLANG_ENABLE_MODULES = YES;
				CLANG_ENABLE_OBJC_ARC = YES;
				CLANG_ENABLE_OBJC_WEAK = YES;
				CLANG_WARN_BLOCK_CAPTURE_AUTORELEASING = YES;
				CLANG_WARN_BOOL_CONVERSION = YES;
				CLANG_WARN_COMMA = YES;
				CLANG_WARN_CONSTANT_CONVERSION = YES;
				CLANG_WARN_DEPRECATED_OBJC_IMPLEMENTATIONS = YES;
				CLANG_WARN_DIRECT_OBJC_ISA_USAGE = YES_ERROR;
				CLANG_WARN_DOCUMENTATION_COMMENTS = YES;
				CLANG_WARN_EMPTY_BODY = YES;
				CLANG_WARN_ENUM_CONVERSION = YES;
				CLANG_WARN_INFINITE_RECURSION = YES;
				CLANG_WARN_INT_CONVERSION = YES;
				CLANG_WARN_NON_LITERAL_NULL_CONVERSION = YES;
				CLANG_WARN_OBJC_IMPLICIT_RETAIN_SELF = YES;
				CLANG_WARN_OBJC_LITERAL_CONVERSION = YES;
				CLANG_WARN_OBJC_ROOT_CLASS = YES_ERROR;
				CLANG_WARN_QUOTED_INCLUDE_IN_FRAMEWORK_HEADER = YES;
				CLANG_WARN_RANGE_LOOP_ANALYSIS = YES;
				CLANG_WARN_STRICT_PROTOTYPES = YES;
				CLANG_WARN_SUSPICIOUS_MOVE = YES;
				CLANG_WARN_UNGUARDED_AVAILABILITY = YES_AGGRESSIVE;
				CLANG_WARN_UNREACHABLE_CODE = YES;
				CLANG_WARN__DUPLICATE_METHOD_MATCH = YES;
				COPY_PHASE_STRIP = NO;
				DEBUG_INFORMATION_FORMAT = "dwarf-with-dsym";
				ENABLE_NS_ASSERTIONS = NO;
				ENABLE_STRICT_OBJC_MSGSEND = YES;
				GCC_C_LANGUAGE_STANDARD = gnu11;
				GCC_NO_COMMON_BLOCKS = YES;
				GCC_WARN_64_TO_32_BIT_CONVERSION = YES;
				GCC_WARN_ABOUT_RETURN_TYPE = YES_ERROR;
				GCC_WARN_UNDECLARED_SELECTOR = YES;
				GCC_WARN_UNINITIALIZED_AUTOS = YES_AGGRESSIVE;
				GCC_WARN_UNUSED_FUNCTION = YES;
				GCC_WARN_UNUSED_VARIABLE = YES;
				IPHONEOS_DEPLOYMENT_TARGET = 16.0;
				MTL_ENABLE_DEBUG_INFO = NO;
				MTL_FAST_MATH = YES;
				SDKROOT = iphoneos;
				SWIFT_COMPILATION_MODE = wholemodule;
				SWIFT_OPTIMIZATION_LEVEL = "-O";
				VALIDATE_PRODUCT = YES;
			};
			name = Release;
		};
		841661402D48D8870092D062 /* Debug */ = {
			isa = XCBuildConfiguration;
			buildSettings = {
				ASSETCATALOG_COMPILER_APPICON_NAME = AppIcon;
				ASSETCATALOG_COMPILER_GLOBAL_ACCENT_COLOR_NAME = AccentColor;
				CODE_SIGN_STYLE = Automatic;
				CURRENT_PROJECT_VERSION = 1;
				DEVELOPMENT_ASSET_PATHS = "\"CounterApp/Preview Content\"";
				ENABLE_PREVIEWS = YES;
				GENERATE_INFOPLIST_FILE = YES;
				INFOPLIST_KEY_UIApplicationSceneManifest_Generation = YES;
				INFOPLIST_KEY_UIApplicationSupportsIndirectInputEvents = YES;
				INFOPLIST_KEY_UILaunchScreen_Generation = YES;
				INFOPLIST_KEY_UISupportedInterfaceOrientations_iPad = "UIInterfaceOrientationPortrait UIInterfaceOrientationPortraitUpsideDown UIInterfaceOrientationLandscapeLeft UIInterfaceOrientationLandscapeRight";
				INFOPLIST_KEY_UISupportedInterfaceOrientations_iPhone = "UIInterfaceOrientationPortrait UIInterfaceOrientationLandscapeLeft UIInterfaceOrientationLandscapeRight";
				LD_RUNPATH_SEARCH_PATHS = (
					"$(inherited)",
					"@executable_path/Frameworks",
				);
				MARKETING_VERSION = 1.0;
				PRODUCT_BUNDLE_IDENTIFIER = com.example.sampleapp.CounterApp;
				PRODUCT_NAME = "$(TARGET_NAME)";
				SWIFT_EMIT_LOC_STRINGS = YES;
				SWIFT_VERSION = 5.0;
				TARGETED_DEVICE_FAMILY = "1,2";
			};
			name = Debug;
		};
		841661412D48D8870092D062 /* Release */ = {
			isa = XCBuildConfiguration;
			buildSettings = {
				ASSETCATALOG_COMPILER_APPICON_NAME = AppIcon;
				ASSETCATALOG_COMPILER_GLOBAL_ACCENT_COLOR_NAME = AccentColor;
				CODE_SIGN_STYLE = Automatic;
				CURRENT_PROJECT_VERSION = 1;
				DEVELOPMENT_ASSET_PATHS = "\"CounterApp/Preview Content\"";
				ENABLE_PREVIEWS = YES;
				GENERATE_INFOPLIST_FILE = YES;
				INFOPLIST_KEY_UIApplicationSceneManifest_Generation = YES;
				INFOPLIST_KEY_UIApplicationSupportsIndirectInputEvents = YES;
				INFOPLIST_KEY_UILaunchScreen_Generation = YES;
				INFOPLIST_KEY_UISupportedInterfaceOrientations_iPad = "UIInterfaceOrientationPortrait UIInterfaceOrientationPortraitUpsideDown UIInterfaceOrientationLandscapeLeft UIInterfaceOrientationLandscapeRight";
				INFOPLIST_KEY_UISupportedInterfaceOrientations_iPhone = "UIInterfaceOrientationPortrait UIInterfaceOrientationLandscapeLeft UIInterfaceOrientationLandscapeRight";
				LD_RUNPATH_SEARCH_PATHS = (
					"$(inherited)",
					"@executable_path/Frameworks",
				);
				MARKETING_VERSION = 1.0;
				PRODUCT_BUNDLE_IDENTIFIER = com.example.sampleapp.CounterApp;
				PRODUCT_NAME = "$(TARGET_NAME)";
				SWIFT_EMIT_LOC_STRINGS = YES;
				SWIFT_VERSION = 5.0;
				TARGETED_DEVICE_FAMILY = "1,2";
			};
			name = Release;
		};
		841661432D48D8870092D062 /* Debug */ = {
			isa = XCBuildConfiguration;
			buildSettings = {
				ALWAYS_EMBED_SWIFT_STANDARD_LIBRARIES = YES;
				BUNDLE_LOADER = "$(TEST_HOST)";
				CODE_SIGN_STYLE = Automatic;
				CURRENT_PROJECT_VERSION = 1;
				GENERATE_INFOPLIST_FILE = YES;
				IPHONEOS_DEPLOYMENT_TARGET = 16.0;
				MARKETING_VERSION = 1.0;
				PRODUCT_BUNDLE_IDENTIFIER = com.example.sampleapp.CounterAppTests;
				PRODUCT_NAME = "$(TARGET_NAME)";
				SWIFT_EMIT_LOC_STRINGS = NO;
				SWIFT_VERSION = 5.0;
				TARGETED_DEVICE_FAMILY = "1,2";
				TEST_HOST = "$(BUILT_PRODUCTS_DIR)/CounterApp.app/$(BUNDLE_EXECUTABLE_FOLDER_PATH)/CounterApp";
			};
			name = Debug;
		};
		841661442D48D8870092D062 /* Release */ = {
			isa = XCBuildConfiguration;
			buildSettings = {
				ALWAYS_EMBED_SWIFT_STANDARD_LIBRARIES = YES;
				BUNDLE_LOADER = "$(TEST_HOST)";
				CODE_SIGN_STYLE = Automatic;
				CURRENT_PROJECT_VERSION = 1;
				GENERATE_INFOPLIST_FILE = YES;
				IPHONEOS_DEPLOYMENT_TARGET = 16.0;
				MARKETING_VERSION = 1.0;
				PRODUCT_BUNDLE_IDENTIFIER = com.example.sampleapp.CounterAppTests;
				PRODUCT_NAME = "$(TARGET_NAME)";
				SWIFT_EMIT_LOC_STRINGS = NO;
				SWIFT_VERSION = 5.0;
				TARGETED_DEVICE_FAMILY = "1,2";
				TEST_HOST = "$(BUILT_PRODUCTS_DIR)/CounterApp.app/$(BUNDLE_EXECUTABLE_FOLDER_PATH)/CounterApp";
			};
			name = Release;
		};
		841661462D48D8870092D062 /* Debug */ = {
			isa = XCBuildConfiguration;
			buildSettings = {
				ALWAYS_EMBED_SWIFT_STANDARD_LIBRARIES = YES;
				CODE_SIGN_STYLE = Automatic;
				CURRENT_PROJECT_VERSION = 1;
				GENERATE_INFOPLIST_FILE = YES;
				MARKETING_VERSION = 1.0;
				PRODUCT_BUNDLE_IDENTIFIER = com.example.sampleapp.CounterAppUITests;
				PRODUCT_NAME = "$(TARGET_NAME)";
				SWIFT_EMIT_LOC_STRINGS = NO;
				SWIFT_VERSION = 5.0;
				TARGETED_DEVICE_FAMILY = "1,2";
				TEST_TARGET_NAME = CounterApp;
			};
			name = Debug;
		};
		841661472D48D8870092D062 /* Release */ = {
			isa = XCBuildConfiguration;
			buildSettings = {
				ALWAYS_EMBED_SWIFT_STANDARD_LIBRARIES = YES;
				CODE_SIGN_STYLE = Automatic;
				CURRENT_PROJECT_VERSION = 1;
				GENERATE_INFOPLIST_FILE = YES;
				MARKETING_VERSION = 1.0;
				PRODUCT_BUNDLE_IDENTIFIER = com.example.sampleapp.CounterAppUITests;
				PRODUCT_NAME = "$(TARGET_NAME)";
				SWIFT_EMIT_LOC_STRINGS = NO;
				SWIFT_VERSION = 5.0;
				TARGETED_DEVICE_FAMILY = "1,2";
				TEST_TARGET_NAME = CounterApp;
			};
			name = Release;
		};
/* End XCBuildConfiguration section */

/* Begin XCConfigurationList section */
		841661162D48D8850092D062 /* Build configuration list for PBXProject "CounterApp" */ = {
			isa = XCConfigurationList;
			buildConfigurations = (
				8416613D2D48D8870092D062 /* Debug */,
				8416613E2D48D8870092D062 /* Release */,
			);
			defaultConfigurationIsVisible = 0;
			defaultConfigurationName = Release;
		};
		8416613F2D48D8870092D062 /* Build configuration list for PBXNativeTarget "CounterApp" */ = {
			isa = XCConfigurationList;
			buildConfigurations = (
				841661402D48D8870092D062 /* Debug */,
				841661412D48D8870092D062 /* Release */,
			);
			defaultConfigurationIsVisible = 0;
			defaultConfigurationName = Release;
		};
		841661422D48D8870092D062 /* Build configuration list for PBXNativeTarget "CounterAppTests" */ = {
			isa = XCConfigurationList;
			buildConfigurations = (
				841661432D48D8870092D062 /* Debug */,
				841661442D48D8870092D062 /* Release */,
			);
			defaultConfigurationIsVisible = 0;
			defaultConfigurationName = Release;
		};
		841661452D48D8870092D062 /* Build configuration list for PBXNativeTarget "CounterAppUITests" */ = {
			isa = XCConfigurationList;
			buildConfigurations = (
				841661462D48D8870092D062 /* Debug */,
				841661472D48D8870092D062 /* Release */,
			);
			defaultConfigurationIsVisible = 0;
			defaultConfigurationName = Release;
		};
/* End XCConfigurationList section */
	};
	rootObject = 841661132D48D8850092D062 /* Project object */;
}
