// !$*UTF8*$!
{
	archiveVersion = 1;
	classes = {
	};
	objectVersion = 56;
	objects = {

/* Begin PBXBuildFile section */
		84DF288B2D4E50B6000E3B0C /* FitnesAppApp.swift in Sources */ = {isa = PBXBuildFile; fileRef = 84DF288A2D4E50B6000E3B0C /* FitnesAppApp.swift */; };
		84DF288F2D4E50B9000E3B0C /* Assets.xcassets in Resources */ = {isa = PBXBuildFile; fileRef = 84DF288E2D4E50B9000E3B0C /* Assets.xcassets */; };
		84DF28922D4E50B9000E3B0C /* Preview Assets.xcassets in Resources */ = {isa = PBXBuildFile; fileRef = 84DF28912D4E50B9000E3B0C /* Preview Assets.xcassets */; };
		84DF289C2D4E50B9000E3B0C /* FitnesAppTests.swift in Sources */ = {isa = PBXBuildFile; fileRef = 84DF289B2D4E50B9000E3B0C /* FitnesAppTests.swift */; };
		84DF28A62D4E50B9000E3B0C /* FitnesAppUITests.swift in Sources */ = {isa = PBXBuildFile; fileRef = 84DF28A52D4E50B9000E3B0C /* FitnesAppUITests.swift */; };
		84DF28A82D4E50B9000E3B0C /* FitnesAppUITestsLaunchTests.swift in Sources */ = {isa = PBXBuildFile; fileRef = 84DF28A72D4E50B9000E3B0C /* FitnesAppUITestsLaunchTests.swift */; };
		84DF28B52D4E514A000E3B0C /* ExerciseListView.swift in Sources */ = {isa = PBXBuildFile; fileRef = 84DF28B42D4E514A000E3B0C /* ExerciseListView.swift */; };
		84DF28B72D4E51CB000E3B0C /* ExerciseListViewModel.swift in Sources */ = {isa = PBXBuildFile; fileRef = 84DF28B62D4E51CB000E3B0C /* ExerciseListViewModel.swift */; };
		84DF28B92D4E5208000E3B0C /* PersistentController.swift in Sources */ = {isa = PBXBuildFile; fileRef = 84DF28B82D4E5208000E3B0C /* PersistentController.swift */; };
		84DF28BB2D4E5234000E3B0C /* WorkoutListView.swift in Sources */ = {isa = PBXBuildFile; fileRef = 84DF28BA2D4E5234000E3B0C /* WorkoutListView.swift */; };
		84DF28BD2D4E525D000E3B0C /* AddWorkoutView.swift in Sources */ = {isa = PBXBuildFile; fileRef = 84DF28BC2D4E525D000E3B0C /* AddWorkoutView.swift */; };
		84DF28BF2D4E52AB000E3B0C /* AddExerciseView.swift in Sources */ = {isa = PBXBuildFile; fileRef = 84DF28BE2D4E52AB000E3B0C /* AddExerciseView.swift */; };
		84DF28C12D4E52DC000E3B0C /* CoreExtension.swift in Sources */ = {isa = PBXBuildFile; fileRef = 84DF28C02D4E52DC000E3B0C /* CoreExtension.swift */; };
		84DF28C42D4E575F000E3B0C /* FitnesApp.xcdatamodeld in Sources */ = {isa = PBXBuildFile; fileRef = 84DF28C22D4E575F000E3B0C /* FitnesApp.xcdatamodeld */; };
/* End PBXBuildFile section */

/* Begin PBXContainerItemProxy section */
		84DF28982D4E50B9000E3B0C /* PBXContainerItemProxy */ = {
			isa = PBXContainerItemProxy;
			containerPortal = 84DF287F2D4E50B6000E3B0C /* Project object */;
			proxyType = 1;
			remoteGlobalIDString = 84DF28862D4E50B6000E3B0C;
			remoteInfo = FitnesApp;
		};
		84DF28A22D4E50B9000E3B0C /* PBXContainerItemProxy */ = {
			isa = PBXContainerItemProxy;
			containerPortal = 84DF287F2D4E50B6000E3B0C /* Project object */;
			proxyType = 1;
			remoteGlobalIDString = 84DF28862D4E50B6000E3B0C;
			remoteInfo = FitnesApp;
		};
/* End PBXContainerItemProxy section */

/* Begin PBXFileReference section */
		84DF28872D4E50B6000E3B0C /* FitnesApp.app */ = {isa = PBXFileReference; explicitFileType = wrapper.application; includeInIndex = 0; path = FitnesApp.app; sourceTree = BUILT_PRODUCTS_DIR; };
		84DF288A2D4E50B6000E3B0C /* FitnesAppApp.swift */ = {isa = PBXFileReference; lastKnownFileType = sourcecode.swift; path = FitnesAppApp.swift; sourceTree = "<group>"; };
		84DF288E2D4E50B9000E3B0C /* Assets.xcassets */ = {isa = PBXFileReference; lastKnownFileType = folder.assetcatalog; path = Assets.xcassets; sourceTree = "<group>"; };
		84DF28912D4E50B9000E3B0C /* Preview Assets.xcassets */ = {isa = PBXFileReference; lastKnownFileType = folder.assetcatalog; path = "Preview Assets.xcassets"; sourceTree = "<group>"; };
		84DF28972D4E50B9000E3B0C /* FitnesAppTests.xctest */ = {isa = PBXFileReference; explicitFileType = wrapper.cfbundle; includeInIndex = 0; path = FitnesAppTests.xctest; sourceTree = BUILT_PRODUCTS_DIR; };
		84DF289B2D4E50B9000E3B0C /* FitnesAppTests.swift */ = {isa = PBXFileReference; lastKnownFileType = sourcecode.swift; path = FitnesAppTests.swift; sourceTree = "<group>"; };
		84DF28A12D4E50B9000E3B0C /* FitnesAppUITests.xctest */ = {isa = PBXFileReference; explicitFileType = wrapper.cfbundle; includeInIndex = 0; path = FitnesAppUITests.xctest; sourceTree = BUILT_PRODUCTS_DIR; };
		84DF28A52D4E50B9000E3B0C /* FitnesAppUITests.swift */ = {isa = PBXFileReference; lastKnownFileType = sourcecode.swift; path = FitnesAppUITests.swift; sourceTree = "<group>"; };
		84DF28A72D4E50B9000E3B0C /* FitnesAppUITestsLaunchTests.swift */ = {isa = PBXFileReference; lastKnownFileType = sourcecode.swift; path = FitnesAppUITestsLaunchTests.swift; sourceTree = "<group>"; };
		84DF28B42D4E514A000E3B0C /* ExerciseListView.swift */ = {isa = PBXFileReference; lastKnownFileType = sourcecode.swift; path = ExerciseListView.swift; sourceTree = "<group>"; };
		84DF28B62D4E51CB000E3B0C /* ExerciseListViewModel.swift */ = {isa = PBXFileReference; lastKnownFileType = sourcecode.swift; path = ExerciseListViewModel.swift; sourceTree = "<group>"; };
		84DF28B82D4E5208000E3B0C /* PersistentController.swift */ = {isa = PBXFileReference; lastKnownFileType = sourcecode.swift; path = PersistentController.swift; sourceTree = "<group>"; };
		84DF28BA2D4E5234000E3B0C /* WorkoutListView.swift */ = {isa = PBXFileReference; lastKnownFileType = sourcecode.swift; path = WorkoutListView.swift; sourceTree = "<group>"; };
		84DF28BC2D4E525D000E3B0C /* AddWorkoutView.swift */ = {isa = PBXFileReference; lastKnownFileType = sourcecode.swift; path = AddWorkoutView.swift; sourceTree = "<group>"; };
		84DF28BE2D4E52AB000E3B0C /* AddExerciseView.swift */ = {isa = PBXFileReference; lastKnownFileType = sourcecode.swift; path = AddExerciseView.swift; sourceTree = "<group>"; };
		84DF28C02D4E52DC000E3B0C /* CoreExtension.swift */ = {isa = PBXFileReference; lastKnownFileType = sourcecode.swift; path = CoreExtension.swift; sourceTree = "<group>"; };
		84DF28C32D4E575F000E3B0C /* FitnesApp.xcdatamodel */ = {isa = PBXFileReference; lastKnownFileType = wrapper.xcdatamodel; path = FitnesApp.xcdatamodel; sourceTree = "<group>"; };
/* End PBXFileReference section */

/* Begin PBXFrameworksBuildPhase section */
		84DF28842D4E50B6000E3B0C /* Frameworks */ = {
			isa = PBXFrameworksBuildPhase;
			buildActionMask = 2147483647;
			files = (
			);
			runOnlyForDeploymentPostprocessing = 0;
		};
		84DF28942D4E50B9000E3B0C /* Frameworks */ = {
			isa = PBXFrameworksBuildPhase;
			buildActionMask = 2147483647;
			files = (
			);
			runOnlyForDeploymentPostprocessing = 0;
		};
		84DF289E2D4E50B9000E3B0C /* Frameworks */ = {
			isa = PBXFrameworksBuildPhase;
			buildActionMask = 2147483647;
			files = (
			);
			runOnlyForDeploymentPostprocessing = 0;
		};
/* End PBXFrameworksBuildPhase section */

/* Begin PBXGroup section */
		84DF287E2D4E50B6000E3B0C = {
			isa = PBXGroup;
			children = (
				84DF28892D4E50B6000E3B0C /* FitnesApp */,
				84DF289A2D4E50B9000E3B0C /* FitnesAppTests */,
				84DF28A42D4E50B9000E3B0C /* FitnesAppUITests */,
				84DF28882D4E50B6000E3B0C /* Products */,
			);
			sourceTree = "<group>";
		};
		84DF28882D4E50B6000E3B0C /* Products */ = {
			isa = PBXGroup;
			children = (
				84DF28872D4E50B6000E3B0C /* FitnesApp.app */,
				84DF28972D4E50B9000E3B0C /* FitnesAppTests.xctest */,
				84DF28A12D4E50B9000E3B0C /* FitnesAppUITests.xctest */,
			);
			name = Products;
			sourceTree = "<group>";
		};
		84DF28892D4E50B6000E3B0C /* FitnesApp */ = {
			isa = PBXGroup;
			children = (
				84DF288A2D4E50B6000E3B0C /* FitnesAppApp.swift */,
				84DF28C02D4E52DC000E3B0C /* CoreExtension.swift */,
				84DF28BE2D4E52AB000E3B0C /* AddExerciseView.swift */,
				84DF28BC2D4E525D000E3B0C /* AddWorkoutView.swift */,
				84DF28BA2D4E5234000E3B0C /* WorkoutListView.swift */,
				84DF28B82D4E5208000E3B0C /* PersistentController.swift */,
				84DF28B62D4E51CB000E3B0C /* ExerciseListViewModel.swift */,
				84DF28B42D4E514A000E3B0C /* ExerciseListView.swift */,
				84DF288E2D4E50B9000E3B0C /* Assets.xcassets */,
				84DF28902D4E50B9000E3B0C /* Preview Content */,
				84DF28C22D4E575F000E3B0C /* FitnesApp.xcdatamodeld */,
			);
			path = FitnesApp;
			sourceTree = "<group>";
		};
		84DF28902D4E50B9000E3B0C /* Preview Content */ = {
			isa = PBXGroup;
			children = (
				84DF28912D4E50B9000E3B0C /* Preview Assets.xcassets */,
			);
			path = "Preview Content";
			sourceTree = "<group>";
		};
		84DF289A2D4E50B9000E3B0C /* FitnesAppTests */ = {
			isa = PBXGroup;
			children = (
				84DF289B2D4E50B9000E3B0C /* FitnesAppTests.swift */,
			);
			path = FitnesAppTests;
			sourceTree = "<group>";
		};
		84DF28A42D4E50B9000E3B0C /* FitnesAppUITests */ = {
			isa = PBXGroup;
			children = (
				84DF28A52D4E50B9000E3B0C /* FitnesAppUITests.swift */,
				84DF28A72D4E50B9000E3B0C /* FitnesAppUITestsLaunchTests.swift */,
			);
			path = FitnesAppUITests;
			sourceTree = "<group>";
		};
/* End PBXGroup section */

/* Begin PBXNativeTarget section */
		84DF28862D4E50B6000E3B0C /* FitnesApp */ = {
			isa = PBXNativeTarget;
			buildConfigurationList = 84DF28AB2D4E50B9000E3B0C /* Build configuration list for PBXNativeTarget "FitnesApp" */;
			buildPhases = (
				84DF28832D4E50B6000E3B0C /* Sources */,
				84DF28842D4E50B6000E3B0C /* Frameworks */,
				84DF28852D4E50B6000E3B0C /* Resources */,
			);
			buildRules = (
			);
			dependencies = (
			);
			name = FitnesApp;
			productName = FitnesApp;
			productReference = 84DF28872D4E50B6000E3B0C /* FitnesApp.app */;
			productType = "com.apple.product-type.application";
		};
		84DF28962D4E50B9000E3B0C /* FitnesAppTests */ = {
			isa = PBXNativeTarget;
			buildConfigurationList = 84DF28AE2D4E50B9000E3B0C /* Build configuration list for PBXNativeTarget "FitnesAppTests" */;
			buildPhases = (
				84DF28932D4E50B9000E3B0C /* Sources */,
				84DF28942D4E50B9000E3B0C /* Frameworks */,
				84DF28952D4E50B9000E3B0C /* Resources */,
			);
			buildRules = (
			);
			dependencies = (
				84DF28992D4E50B9000E3B0C /* PBXTargetDependency */,
			);
			name = FitnesAppTests;
			productName = FitnesAppTests;
			productReference = 84DF28972D4E50B9000E3B0C /* FitnesAppTests.xctest */;
			productType = "com.apple.product-type.bundle.unit-test";
		};
		84DF28A02D4E50B9000E3B0C /* FitnesAppUITests */ = {
			isa = PBXNativeTarget;
			buildConfigurationList = 84DF28B12D4E50B9000E3B0C /* Build configuration list for PBXNativeTarget "FitnesAppUITests" */;
			buildPhases = (
				84DF289D2D4E50B9000E3B0C /* Sources */,
				84DF289E2D4E50B9000E3B0C /* Frameworks */,
				84DF289F2D4E50B9000E3B0C /* Resources */,
			);
			buildRules = (
			);
			dependencies = (
				84DF28A32D4E50B9000E3B0C /* PBXTargetDependency */,
			);
			name = FitnesAppUITests;
			productName = FitnesAppUITests;
			productReference = 84DF28A12D4E50B9000E3B0C /* FitnesAppUITests.xctest */;
			productType = "com.apple.product-type.bundle.ui-testing";
		};
/* End PBXNativeTarget section */

/* Begin PBXProject section */
		84DF287F2D4E50B6000E3B0C /* Project object */ = {
			isa = PBXProject;
			attributes = {
				BuildIndependentTargetsInParallel = 1;
				LastSwiftUpdateCheck = 1400;
				LastUpgradeCheck = 1400;
				TargetAttributes = {
					84DF28862D4E50B6000E3B0C = {
						CreatedOnToolsVersion = 14.0.1;
					};
					84DF28962D4E50B9000E3B0C = {
						CreatedOnToolsVersion = 14.0.1;
						TestTargetID = 84DF28862D4E50B6000E3B0C;
					};
					84DF28A02D4E50B9000E3B0C = {
						CreatedOnToolsVersion = 14.0.1;
						TestTargetID = 84DF28862D4E50B6000E3B0C;
					};
				};
			};
			buildConfigurationList = 84DF28822D4E50B6000E3B0C /* Build configuration list for PBXProject "FitnesApp" */;
			compatibilityVersion = "Xcode 14.0";
			developmentRegion = en;
			hasScannedForEncodings = 0;
			knownRegions = (
				en,
				Base,
			);
			mainGroup = 84DF287E2D4E50B6000E3B0C;
			productRefGroup = 84DF28882D4E50B6000E3B0C /* Products */;
			projectDirPath = "";
			projectRoot = "";
			targets = (
				84DF28862D4E50B6000E3B0C /* FitnesApp */,
				84DF28962D4E50B9000E3B0C /* FitnesAppTests */,
				84DF28A02D4E50B9000E3B0C /* FitnesAppUITests */,
			);
		};
/* End PBXProject section */

/* Begin PBXResourcesBuildPhase section */
		84DF28852D4E50B6000E3B0C /* Resources */ = {
			isa = PBXResourcesBuildPhase;
			buildActionMask = 2147483647;
			files = (
				84DF28922D4E50B9000E3B0C /* Preview Assets.xcassets in Resources */,
				84DF288F2D4E50B9000E3B0C /* Assets.xcassets in Resources */,
			);
			runOnlyForDeploymentPostprocessing = 0;
		};
		84DF28952D4E50B9000E3B0C /* Resources */ = {
			isa = PBXResourcesBuildPhase;
			buildActionMask = 2147483647;
			files = (
			);
			runOnlyForDeploymentPostprocessing = 0;
		};
		84DF289F2D4E50B9000E3B0C /* Resources */ = {
			isa = PBXResourcesBuildPhase;
			buildActionMask = 2147483647;
			files = (
			);
			runOnlyForDeploymentPostprocessing = 0;
		};
/* End PBXResourcesBuildPhase section */

/* Begin PBXSourcesBuildPhase section */
		84DF28832D4E50B6000E3B0C /* Sources */ = {
			isa = PBXSourcesBuildPhase;
			buildActionMask = 2147483647;
			files = (
				84DF28C12D4E52DC000E3B0C /* CoreExtension.swift in Sources */,
				84DF28BD2D4E525D000E3B0C /* AddWorkoutView.swift in Sources */,
				84DF28B52D4E514A000E3B0C /* ExerciseListView.swift in Sources */,
				84DF28B92D4E5208000E3B0C /* PersistentController.swift in Sources */,
				84DF28BB2D4E5234000E3B0C /* WorkoutListView.swift in Sources */,
				84DF28BF2D4E52AB000E3B0C /* AddExerciseView.swift in Sources */,
				84DF28B72D4E51CB000E3B0C /* ExerciseListViewModel.swift in Sources */,
				84DF28C42D4E575F000E3B0C /* FitnesApp.xcdatamodeld in Sources */,
				84DF288B2D4E50B6000E3B0C /* FitnesAppApp.swift in Sources */,
			);
			runOnlyForDeploymentPostprocessing = 0;
		};
		84DF28932D4E50B9000E3B0C /* Sources */ = {
			isa = PBXSourcesBuildPhase;
			buildActionMask = 2147483647;
			files = (
				84DF289C2D4E50B9000E3B0C /* FitnesAppTests.swift in Sources */,
			);
			runOnlyForDeploymentPostprocessing = 0;
		};
		84DF289D2D4E50B9000E3B0C /* Sources */ = {
			isa = PBXSourcesBuildPhase;
			buildActionMask = 2147483647;
			files = (
				84DF28A62D4E50B9000E3B0C /* FitnesAppUITests.swift in Sources */,
				84DF28A82D4E50B9000E3B0C /* FitnesAppUITestsLaunchTests.swift in Sources */,
			);
			runOnlyForDeploymentPostprocessing = 0;
		};
/* End PBXSourcesBuildPhase section */

/* Begin PBXTargetDependency section */
		84DF28992D4E50B9000E3B0C /* PBXTargetDependency */ = {
			isa = PBXTargetDependency;
			target = 84DF28862D4E50B6000E3B0C /* FitnesApp */;
			targetProxy = 84DF28982D4E50B9000E3B0C /* PBXContainerItemProxy */;
		};
		84DF28A32D4E50B9000E3B0C /* PBXTargetDependency */ = {
			isa = PBXTargetDependency;
			target = 84DF28862D4E50B6000E3B0C /* FitnesApp */;
			targetProxy = 84DF28A22D4E50B9000E3B0C /* PBXContainerItemProxy */;
		};
/* End PBXTargetDependency section */

/* Begin XCBuildConfiguration section */
		84DF28A92D4E50B9000E3B0C /* Debug */ = {
			isa = XCBuildConfiguration;
			buildSettings = {
				ALWAYS_SEARCH_USER_PATHS = NO;
				CLANG_ANALYZER_NONNULL = YES;
				CLANG_ANALYZER_NUMBER_OBJECT_CONVERSION = YES_AGGRESSIVE;
				CLANG_CXX_LANGUAGE_STANDARD = "gnu++20";
				CLANG_ENABLE_MODULES = YES;
				CLANG_ENABLE_OBJC_ARC = YES;
				CLANG_ENABLE_OBJC_WEAK = YES;
				CLANG_WARN_BLOCK_CAPTURE_AUTORELEASING = YES;
				CLANG_WARN_BOOL_CONVERSION = YES;
				CLANG_WARN_COMMA = YES;
				CLANG_WARN_CONSTANT_CONVERSION = YES;
				CLANG_WARN_DEPRECATED_OBJC_IMPLEMENTATIONS = YES;
				CLANG_WARN_DIRECT_OBJC_ISA_USAGE = YES_ERROR;
				CLANG_WARN_DOCUMENTATION_COMMENTS = YES;
				CLANG_WARN_EMPTY_BODY = YES;
				CLANG_WARN_ENUM_CONVERSION = YES;
				CLANG_WARN_INFINITE_RECURSION = YES;
				CLANG_WARN_INT_CONVERSION = YES;
				CLANG_WARN_NON_LITERAL_NULL_CONVERSION = YES;
				CLANG_WARN_OBJC_IMPLICIT_RETAIN_SELF = YES;
				CLANG_WARN_OBJC_LITERAL_CONVERSION = YES;
				CLANG_WARN_OBJC_ROOT_CLASS = YES_ERROR;
				CLANG_WARN_QUOTED_INCLUDE_IN_FRAMEWORK_HEADER = YES;
				CLANG_WARN_RANGE_LOOP_ANALYSIS = YES;
				CLANG_WARN_STRICT_PROTOTYPES = YES;
				CLANG_WARN_SUSPICIOUS_MOVE = YES;
				CLANG_WARN_UNGUARDED_AVAILABILITY = YES_AGGRESSIVE;
				CLANG_WARN_UNREACHABLE_CODE = YES;
				CLANG_WARN__DUPLICATE_METHOD_MATCH = YES;
				COPY_PHASE_STRIP = NO;
				DEBUG_INFORMATION_FORMAT = dwarf;
				ENABLE_STRICT_OBJC_MSGSEND = YES;
				ENABLE_TESTABILITY = YES;
				GCC_C_LANGUAGE_STANDARD = gnu11;
				GCC_DYNAMIC_NO_PIC = NO;
				GCC_NO_COMMON_BLOCKS = YES;
				GCC_OPTIMIZATION_LEVEL = 0;
				GCC_PREPROCESSOR_DEFINITIONS = (
					"DEBUG=1",
					"$(inherited)",
				);
				GCC_WARN_64_TO_32_BIT_CONVERSION = YES;
				GCC_WARN_ABOUT_RETURN_TYPE = YES_ERROR;
				GCC_WARN_UNDECLARED_SELECTOR = YES;
				GCC_WARN_UNINITIALIZED_AUTOS = YES_AGGRESSIVE;
				GCC_WARN_UNUSED_FUNCTION = YES;
				GCC_WARN_UNUSED_VARIABLE = YES;
				IPHONEOS_DEPLOYMENT_TARGET = 16.0;
				MTL_ENABLE_DEBUG_INFO = INCLUDE_SOURCE;
				MTL_FAST_MATH = YES;
				ONLY_ACTIVE_ARCH = YES;
				SDKROOT = iphoneos;
				SWIFT_ACTIVE_COMPILATION_CONDITIONS = DEBUG;
				SWIFT_OPTIMIZATION_LEVEL = "-Onone";
			};
			name = Debug;
		};
		84DF28AA2D4E50B9000E3B0C /* Release */ = {
			isa = XCBuildConfiguration;
			buildSettings = {
				ALWAYS_SEARCH_USER_PATHS = NO;
				CLANG_ANALYZER_NONNULL = YES;
				CLANG_ANALYZER_NUMBER_OBJECT_CONVERSION = YES_AGGRESSIVE;
				CLANG_CXX_LANGUAGE_STANDARD = "gnu++20";
				CLANG_ENABLE_MODULES = YES;
				CLANG_ENABLE_OBJC_ARC = YES;
				CLANG_ENABLE_OBJC_WEAK = YES;
				CLANG_WARN_BLOCK_CAPTURE_AUTORELEASING = YES;
				CLANG_WARN_BOOL_CONVERSION = YES;
				CLANG_WARN_COMMA = YES;
				CLANG_WARN_CONSTANT_CONVERSION = YES;
				CLANG_WARN_DEPRECATED_OBJC_IMPLEMENTATIONS = YES;
				CLANG_WARN_DIRECT_OBJC_ISA_USAGE = YES_ERROR;
				CLANG_WARN_DOCUMENTATION_COMMENTS = YES;
				CLANG_WARN_EMPTY_BODY = YES;
				CLANG_WARN_ENUM_CONVERSION = YES;
				CLANG_WARN_INFINITE_RECURSION = YES;
				CLANG_WARN_INT_CONVERSION = YES;
				CLANG_WARN_NON_LITERAL_NULL_CONVERSION = YES;
				CLANG_WARN_OBJC_IMPLICIT_RETAIN_SELF = YES;
				CLANG_WARN_OBJC_LITERAL_CONVERSION = YES;
				CLANG_WARN_OBJC_ROOT_CLASS = YES_ERROR;
				CLANG_WARN_QUOTED_INCLUDE_IN_FRAMEWORK_HEADER = YES;
				CLANG_WARN_RANGE_LOOP_ANALYSIS = YES;
				CLANG_WARN_STRICT_PROTOTYPES = YES;
				CLANG_WARN_SUSPICIOUS_MOVE = YES;
				CLANG_WARN_UNGUARDED_AVAILABILITY = YES_AGGRESSIVE;
				CLANG_WARN_UNREACHABLE_CODE = YES;
				CLANG_WARN__DUPLICATE_METHOD_MATCH = YES;
				COPY_PHASE_STRIP = NO;
				DEBUG_INFORMATION_FORMAT = "dwarf-with-dsym";
				ENABLE_NS_ASSERTIONS = NO;
				ENABLE_STRICT_OBJC_MSGSEND = YES;
				GCC_C_LANGUAGE_STANDARD = gnu11;
				GCC_NO_COMMON_BLOCKS = YES;
				GCC_WARN_64_TO_32_BIT_CONVERSION = YES;
				GCC_WARN_ABOUT_RETURN_TYPE = YES_ERROR;
				GCC_WARN_UNDECLARED_SELECTOR = YES;
				GCC_WARN_UNINITIALIZED_AUTOS = YES_AGGRESSIVE;
				GCC_WARN_UNUSED_FUNCTION = YES;
				GCC_WARN_UNUSED_VARIABLE = YES;
				IPHONEOS_DEPLOYMENT_TARGET = 16.0;
				MTL_ENABLE_DEBUG_INFO = NO;
				MTL_FAST_MATH = YES;
				SDKROOT = iphoneos;
				SWIFT_COMPILATION_MODE = wholemodule;
				SWIFT_OPTIMIZATION_LEVEL = "-O";
				VALIDATE_PRODUCT = YES;
			};
			name = Release;
		};
		84DF28AC2D4E50B9000E3B0C /* Debug */ = {
			isa = XCBuildConfiguration;
			buildSettings = {
				ASSETCATALOG_COMPILER_APPICON_NAME = AppIcon;
				ASSETCATALOG_COMPILER_GLOBAL_ACCENT_COLOR_NAME = AccentColor;
				CODE_SIGN_STYLE = Automatic;
				CURRENT_PROJECT_VERSION = 1;
				DEVELOPMENT_ASSET_PATHS = "\"FitnesApp/Preview Content\"";
				ENABLE_PREVIEWS = YES;
				GENERATE_INFOPLIST_FILE = YES;
				INFOPLIST_KEY_UIApplicationSceneManifest_Generation = YES;
				INFOPLIST_KEY_UIApplicationSupportsIndirectInputEvents = YES;
				INFOPLIST_KEY_UILaunchScreen_Generation = YES;
				INFOPLIST_KEY_UISupportedInterfaceOrientations_iPad = "UIInterfaceOrientationPortrait UIInterfaceOrientationPortraitUpsideDown UIInterfaceOrientationLandscapeLeft UIInterfaceOrientationLandscapeRight";
				INFOPLIST_KEY_UISupportedInterfaceOrientations_iPhone = "UIInterfaceOrientationPortrait UIInterfaceOrientationLandscapeLeft UIInterfaceOrientationLandscapeRight";
				LD_RUNPATH_SEARCH_PATHS = (
					"$(inherited)",
					"@executable_path/Frameworks",
				);
				MARKETING_VERSION = 1.0;
				PRODUCT_BUNDLE_IDENTIFIER = com.example.sampleapp.FitnesApp;
				PRODUCT_NAME = "$(TARGET_NAME)";
				SWIFT_EMIT_LOC_STRINGS = YES;
				SWIFT_VERSION = 5.0;
				TARGETED_DEVICE_FAMILY = "1,2";
			};
			name = Debug;
		};
		84DF28AD2D4E50B9000E3B0C /* Release */ = {
			isa = XCBuildConfiguration;
			buildSettings = {
				ASSETCATALOG_COMPILER_APPICON_NAME = AppIcon;
				ASSETCATALOG_COMPILER_GLOBAL_ACCENT_COLOR_NAME = AccentColor;
				CODE_SIGN_STYLE = Automatic;
				CURRENT_PROJECT_VERSION = 1;
				DEVELOPMENT_ASSET_PATHS = "\"FitnesApp/Preview Content\"";
				ENABLE_PREVIEWS = YES;
				GENERATE_INFOPLIST_FILE = YES;
				INFOPLIST_KEY_UIApplicationSceneManifest_Generation = YES;
				INFOPLIST_KEY_UIApplicationSupportsIndirectInputEvents = YES;
				INFOPLIST_KEY_UILaunchScreen_Generation = YES;
				INFOPLIST_KEY_UISupportedInterfaceOrientations_iPad = "UIInterfaceOrientationPortrait UIInterfaceOrientationPortraitUpsideDown UIInterfaceOrientationLandscapeLeft UIInterfaceOrientationLandscapeRight";
				INFOPLIST_KEY_UISupportedInterfaceOrientations_iPhone = "UIInterfaceOrientationPortrait UIInterfaceOrientationLandscapeLeft UIInterfaceOrientationLandscapeRight";
				LD_RUNPATH_SEARCH_PATHS = (
					"$(inherited)",
					"@executable_path/Frameworks",
				);
				MARKETING_VERSION = 1.0;
				PRODUCT_BUNDLE_IDENTIFIER = com.example.sampleapp.FitnesApp;
				PRODUCT_NAME = "$(TARGET_NAME)";
				SWIFT_EMIT_LOC_STRINGS = YES;
				SWIFT_VERSION = 5.0;
				TARGETED_DEVICE_FAMILY = "1,2";
			};
			name = Release;
		};
		84DF28AF2D4E50B9000E3B0C /* Debug */ = {
			isa = XCBuildConfiguration;
			buildSettings = {
				ALWAYS_EMBED_SWIFT_STANDARD_LIBRARIES = YES;
				BUNDLE_LOADER = "$(TEST_HOST)";
				CODE_SIGN_STYLE = Automatic;
				CURRENT_PROJECT_VERSION = 1;
				GENERATE_INFOPLIST_FILE = YES;
				IPHONEOS_DEPLOYMENT_TARGET = 16.0;
				MARKETING_VERSION = 1.0;
				PRODUCT_BUNDLE_IDENTIFIER = com.example.sampleapp.FitnesAppTests;
				PRODUCT_NAME = "$(TARGET_NAME)";
				SWIFT_EMIT_LOC_STRINGS = NO;
				SWIFT_VERSION = 5.0;
				TARGETED_DEVICE_FAMILY = "1,2";
				TEST_HOST = "$(BUILT_PRODUCTS_DIR)/FitnesApp.app/$(BUNDLE_EXECUTABLE_FOLDER_PATH)/FitnesApp";
			};
			name = Debug;
		};
		84DF28B02D4E50B9000E3B0C /* Release */ = {
			isa = XCBuildConfiguration;
			buildSettings = {
				ALWAYS_EMBED_SWIFT_STANDARD_LIBRARIES = YES;
				BUNDLE_LOADER = "$(TEST_HOST)";
				CODE_SIGN_STYLE = Automatic;
				CURRENT_PROJECT_VERSION = 1;
				GENERATE_INFOPLIST_FILE = YES;
				IPHONEOS_DEPLOYMENT_TARGET = 16.0;
				MARKETING_VERSION = 1.0;
				PRODUCT_BUNDLE_IDENTIFIER = com.example.sampleapp.FitnesAppTests;
				PRODUCT_NAME = "$(TARGET_NAME)";
				SWIFT_EMIT_LOC_STRINGS = NO;
				SWIFT_VERSION = 5.0;
				TARGETED_DEVICE_FAMILY = "1,2";
				TEST_HOST = "$(BUILT_PRODUCTS_DIR)/FitnesApp.app/$(BUNDLE_EXECUTABLE_FOLDER_PATH)/FitnesApp";
			};
			name = Release;
		};
		84DF28B22D4E50B9000E3B0C /* Debug */ = {
			isa = XCBuildConfiguration;
			buildSettings = {
				ALWAYS_EMBED_SWIFT_STANDARD_LIBRARIES = YES;
				CODE_SIGN_STYLE = Automatic;
				CURRENT_PROJECT_VERSION = 1;
				GENERATE_INFOPLIST_FILE = YES;
				MARKETING_VERSION = 1.0;
				PRODUCT_BUNDLE_IDENTIFIER = com.example.sampleapp.FitnesAppUITests;
				PRODUCT_NAME = "$(TARGET_NAME)";
				SWIFT_EMIT_LOC_STRINGS = NO;
				SWIFT_VERSION = 5.0;
				TARGETED_DEVICE_FAMILY = "1,2";
				TEST_TARGET_NAME = FitnesApp;
			};
			name = Debug;
		};
		84DF28B32D4E50B9000E3B0C /* Release */ = {
			isa = XCBuildConfiguration;
			buildSettings = {
				ALWAYS_EMBED_SWIFT_STANDARD_LIBRARIES = YES;
				CODE_SIGN_STYLE = Automatic;
				CURRENT_PROJECT_VERSION = 1;
				GENERATE_INFOPLIST_FILE = YES;
				MARKETING_VERSION = 1.0;
				PRODUCT_BUNDLE_IDENTIFIER = com.example.sampleapp.FitnesAppUITests;
				PRODUCT_NAME = "$(TARGET_NAME)";
				SWIFT_EMIT_LOC_STRINGS = NO;
				SWIFT_VERSION = 5.0;
				TARGETED_DEVICE_FAMILY = "1,2";
				TEST_TARGET_NAME = FitnesApp;
			};
			name = Release;
		};
/* End XCBuildConfiguration section */

/* Begin XCConfigurationList section */
		84DF28822D4E50B6000E3B0C /* Build configuration list for PBXProject "FitnesApp" */ = {
			isa = XCConfigurationList;
			buildConfigurations = (
				84DF28A92D4E50B9000E3B0C /* Debug */,
				84DF28AA2D4E50B9000E3B0C /* Release */,
			);
			defaultConfigurationIsVisible = 0;
			defaultConfigurationName = Release;
		};
		84DF28AB2D4E50B9000E3B0C /* Build configuration list for PBXNativeTarget "FitnesApp" */ = {
			isa = XCConfigurationList;
			buildConfigurations = (
				84DF28AC2D4E50B9000E3B0C /* Debug */,
				84DF28AD2D4E50B9000E3B0C /* Release */,
			);
			defaultConfigurationIsVisible = 0;
			defaultConfigurationName = Release;
		};
		84DF28AE2D4E50B9000E3B0C /* Build configuration list for PBXNativeTarget "FitnesAppTests" */ = {
			isa = XCConfigurationList;
			buildConfigurations = (
				84DF28AF2D4E50B9000E3B0C /* Debug */,
				84DF28B02D4E50B9000E3B0C /* Release */,
			);
			defaultConfigurationIsVisible = 0;
			defaultConfigurationName = Release;
		};
		84DF28B12D4E50B9000E3B0C /* Build configuration list for PBXNativeTarget "FitnesAppUITests" */ = {
			isa = XCConfigurationList;
			buildConfigurations = (
				84DF28B22D4E50B9000E3B0C /* Debug */,
				84DF28B32D4E50B9000E3B0C /* Release */,
			);
			defaultConfigurationIsVisible = 0;
			defaultConfigurationName = Release;
		};
/* End XCConfigurationList section */

/* Begin XCVersionGroup section */
		84DF28C22D4E575F000E3B0C /* FitnesApp.xcdatamodeld */ = {
			isa = XCVersionGroup;
			children = (
				84DF28C32D4E575F000E3B0C /* FitnesApp.xcdatamodel */,
			);
			currentVersion = 84DF28C32D4E575F000E3B0C /* FitnesApp.xcdatamodel */;
			path = FitnesApp.xcdatamodeld;
			sourceTree = "<group>";
			versionGroupType = wrapper.xcdatamodel;
		};
/* End XCVersionGroup section */
	};
	rootObject = 84DF287F2D4E50B6000E3B0C /* Project object */;
}
